// !$*UTF8*$!
{
	archiveVersion = 1;
	classes = {
	};
	objectVersion = 46;
	objects = {

/* Begin PBXBuildFile section */
		1689A60F20A5D19700E5D91F /* MEUserNotificationDelegate.h in Headers */ = {isa = PBXBuildFile; fileRef = 1689A60D20A5D19600E5D91F /* MEUserNotificationDelegate.h */; };
		1689A61020A5D19700E5D91F /* MEUserNotificationDelegate.m in Sources */ = {isa = PBXBuildFile; fileRef = 1689A60E20A5D19600E5D91F /* MEUserNotificationDelegate.m */; };
		32C6F0720F18015EC4510B82 /* MEButtonClick.h in Headers */ = {isa = PBXBuildFile; fileRef = 32C6FA13BE5B70383D0254FF /* MEButtonClick.h */; };
		32C6F0AA4E4F27544CA61B59 /* MEIAMButtonClicked.h in Headers */ = {isa = PBXBuildFile; fileRef = 32C6F3AF5B48C9665150410F /* MEIAMButtonClicked.h */; };
		32C6F1C0D49F4C09E130DA2C /* MobileEngage+Private.h in Headers */ = {isa = PBXBuildFile; fileRef = 32C6F7F2639D4CE7D8F85072 /* MobileEngage+Private.h */; };
		32C6F27043420B861C2F399F /* MEButtonClickMapper.m in Sources */ = {isa = PBXBuildFile; fileRef = 32C6FD84EBD32BA42F184C29 /* MEButtonClickMapper.m */; };
		32C6F277582ECC598A15EE39 /* MEButtonClickRepository+Private.h in Headers */ = {isa = PBXBuildFile; fileRef = 32C6F254311B066EA5E9DBAB /* MEButtonClickRepository+Private.h */; };
		32C6F32039F275C4AD6C9FFC /* MobileEngageInternal.h in Headers */ = {isa = PBXBuildFile; fileRef = 32C6F8DAD8E109756D0A6B68 /* MobileEngageInternal.h */; };
		32C6F336484626EE647FA8B8 /* MEIAMClose.m in Sources */ = {isa = PBXBuildFile; fileRef = 32C6FFE02855F6FA4DCFF55D /* MEIAMClose.m */; };
		32C6F3AE5A5D9E0D73DC9157 /* MEButtonClickFilterByCampaignIdSpecification.m in Sources */ = {isa = PBXBuildFile; fileRef = 32C6F7DF0EE16F05A825D00D /* MEButtonClickFilterByCampaignIdSpecification.m */; };
		32C6F3D342001B3C9F6AD5AF /* MERequestRepositoryProxy.m in Sources */ = {isa = PBXBuildFile; fileRef = 32C6FFC57DD9754C55027A8B /* MERequestRepositoryProxy.m */; };
		32C6F3FCAB532F7140DE8B9F /* MEIAMCommandResultUtils.m in Sources */ = {isa = PBXBuildFile; fileRef = 32C6F4A33D32AD63DBCF2C46 /* MEIAMCommandResultUtils.m */; };
		32C6F40D32E54F5C608EBB0C /* MEDisplayedIAMFilterNoneSpecification.h in Headers */ = {isa = PBXBuildFile; fileRef = 32C6F7F0AA7CFD8DBC0A1DC1 /* MEDisplayedIAMFilterNoneSpecification.h */; };
		32C6F432F6CCE9E8CFDADA43 /* MELogRepository.h in Headers */ = {isa = PBXBuildFile; fileRef = 32C6F31FBEB1B7374C53C8F8 /* MELogRepository.h */; };
		32C6F43B1FAF365197AD5B21 /* MEButtonClick.m in Sources */ = {isa = PBXBuildFile; fileRef = 32C6F8B1FF64F2826D1B8F7E /* MEButtonClick.m */; };
		32C6F4B2232DC52583DED63D /* MEEventHandler.h in Headers */ = {isa = PBXBuildFile; fileRef = 32C6F0AE4DC9A27CE49FA06C /* MEEventHandler.h */; settings = {ATTRIBUTES = (Public, ); }; };
		32C6F4BC994065F6407ED61D /* MERequestRepositoryProxy.h in Headers */ = {isa = PBXBuildFile; fileRef = 32C6FE8D316E447082C46F2E /* MERequestRepositoryProxy.h */; };
		32C6F4BFDB188B474E9CFF03 /* MEConfig.m in Sources */ = {isa = PBXBuildFile; fileRef = 32C6FE11C048D1D103C6B120 /* MEConfig.m */; };
		32C6F55A9979DC26FD526D89 /* MEConfigBuilder.m in Sources */ = {isa = PBXBuildFile; fileRef = 32C6F0CED986657DA32E7525 /* MEConfigBuilder.m */; };
		32C6F61A4B55546E0E0E7990 /* MEIAMMetricsLogHandler.m in Sources */ = {isa = PBXBuildFile; fileRef = 32C6F1837D09A84D8E88D5AB /* MEIAMMetricsLogHandler.m */; };
		32C6F686F3D17CA8DBF5EAB4 /* MERequestFactory.h in Headers */ = {isa = PBXBuildFile; fileRef = 32C6F8B20D14C6C845ECDB2A /* MERequestFactory.h */; };
		32C6F6BB6ABB424822AF34B0 /* MENotification.h in Headers */ = {isa = PBXBuildFile; fileRef = 32C6F1045F8F067FAC344C7F /* MENotification.h */; settings = {ATTRIBUTES = (Public, ); }; };
		32C6F763BFF82544CA5C7783 /* MEButtonClickRepository.h in Headers */ = {isa = PBXBuildFile; fileRef = 32C6FD2E947184BE9657A4DD /* MEButtonClickRepository.h */; };
		32C6F791C414CB1E195DF7BF /* MobileEngage.m in Sources */ = {isa = PBXBuildFile; fileRef = 32C6F0F5EAFCCF8DD8BEDE99 /* MobileEngage.m */; };
		32C6F7B405A85C9E2DCE4CAA /* MEDisplayedIAMMapper.h in Headers */ = {isa = PBXBuildFile; fileRef = 32C6F1D3BEC7DFFE2FADD1F7 /* MEDisplayedIAMMapper.h */; };
		32C6F81E4196B011AFB51586 /* MEConfig.h in Headers */ = {isa = PBXBuildFile; fileRef = 32C6F22AD8B05632EFE8F29D /* MEConfig.h */; settings = {ATTRIBUTES = (Public, ); }; };
		32C6F83EAE6C35FF7C05D079 /* MEIAMCommandResultUtils.h in Headers */ = {isa = PBXBuildFile; fileRef = 32C6F4B23F907ACA4EB5FA48 /* MEIAMCommandResultUtils.h */; };
		32C6F86BCE2719F7DE61196D /* MEDisplayedIAMRepository.m in Sources */ = {isa = PBXBuildFile; fileRef = 32C6F3A6CBB6E0E8683EC3C4 /* MEDisplayedIAMRepository.m */; };
		32C6F870C24C426EDEB306AA /* MEIAMProtocol.h in Headers */ = {isa = PBXBuildFile; fileRef = 32C6FEC1EA29C5F2302CB41B /* MEIAMProtocol.h */; };
		32C6F8AD10349461D16FCAC3 /* MERequestModelSelectEventsSpecification.h in Headers */ = {isa = PBXBuildFile; fileRef = 32C6F2B8236EECA673E630CD /* MERequestModelSelectEventsSpecification.h */; };
		32C6F8EA56EA65449AF6CE9C /* MEButtonClickRepository.m in Sources */ = {isa = PBXBuildFile; fileRef = 32C6F21877B31FBCAD8E6185 /* MEButtonClickRepository.m */; };
		32C6F9742BC7CC58427DA191 /* MobileEngageStatusDelegate.h in Headers */ = {isa = PBXBuildFile; fileRef = 32C6F347F1A25755538F5591 /* MobileEngageStatusDelegate.h */; settings = {ATTRIBUTES = (Public, ); }; };
		32C6F9841A6A350BFC55D1E5 /* MEDisplayedIAMContract.h in Headers */ = {isa = PBXBuildFile; fileRef = 32C6FDC043434C1F30EC7F5E /* MEDisplayedIAMContract.h */; };
		32C6F9A1E8D520AE3A5F1B07 /* MEButtonClickFilterNoneSpecification.h in Headers */ = {isa = PBXBuildFile; fileRef = 32C6FC8ECC1C42B192A88B57 /* MEButtonClickFilterNoneSpecification.h */; };
		32C6F9E3E2E23192E5EDD4BF /* MEDisplayedIAM.h in Headers */ = {isa = PBXBuildFile; fileRef = 32C6FEC834075728BC56C919 /* MEDisplayedIAM.h */; };
		32C6FA1A69C1C3E7CDE4835E /* MERequestContext.h in Headers */ = {isa = PBXBuildFile; fileRef = 32C6F90EC00FC385F9869441 /* MERequestContext.h */; };
		32C6FA39386C4943A9D8F6B2 /* MERequestFactory.m in Sources */ = {isa = PBXBuildFile; fileRef = 32C6FDD4DA2BF6226CA9F854 /* MERequestFactory.m */; };
		32C6FA42DF495D997FA39FA1 /* MEButtonClickContract.h in Headers */ = {isa = PBXBuildFile; fileRef = 32C6FED2DDBCB5B94E54E9BE /* MEButtonClickContract.h */; };
		32C6FA5D1FCD9BC79644B6FE /* MEIAMButtonClicked.m in Sources */ = {isa = PBXBuildFile; fileRef = 32C6FFEF2BED88E65A98E1CF /* MEIAMButtonClicked.m */; };
		32C6FA6069A94209785AD7D0 /* MEIAMTriggerAppEvent.h in Headers */ = {isa = PBXBuildFile; fileRef = 32C6F0E89AACE3F57B3C321C /* MEIAMTriggerAppEvent.h */; };
		32C6FAC3753390F7B4475485 /* MEDisplayedIAMMapper.m in Sources */ = {isa = PBXBuildFile; fileRef = 32C6F1B3885F21F0F4848205 /* MEDisplayedIAMMapper.m */; };
		32C6FAEFAE0F5C92349FA513 /* MERequestContext.m in Sources */ = {isa = PBXBuildFile; fileRef = 32C6F595ECA8ADEB32C2A088 /* MERequestContext.m */; };
		32C6FB1545463C18D163CF48 /* MEIAMMetricsLogHandler.h in Headers */ = {isa = PBXBuildFile; fileRef = 32C6F80BB0BF741BD5266118 /* MEIAMMetricsLogHandler.h */; };
		32C6FB50BD6632C33C148F33 /* MEDisplayedIAMRepository.h in Headers */ = {isa = PBXBuildFile; fileRef = 32C6F295F8BD32E1A130E5AC /* MEDisplayedIAMRepository.h */; };
		32C6FB970F5D23A6C5EF0B43 /* MELogRepositoryProxy.h in Headers */ = {isa = PBXBuildFile; fileRef = 32C6FE9889F6A36EBE36E6E6 /* MELogRepositoryProxy.h */; };
		32C6FBEF5C55126F7FF0B07A /* MERequestModelSelectEventsSpecification.m in Sources */ = {isa = PBXBuildFile; fileRef = 32C6F3432166DDF94429FA90 /* MERequestModelSelectEventsSpecification.m */; };
		32C6FC21EE1A04450F62F39A /* MobileEngageInternal.m in Sources */ = {isa = PBXBuildFile; fileRef = 32C6F49D913F9F20EDD5331E /* MobileEngageInternal.m */; };
		32C6FC46F37A8FADE546F0B7 /* MEButtonClickMapper.h in Headers */ = {isa = PBXBuildFile; fileRef = 32C6F101FEB4BA2BDDF0F7F6 /* MEButtonClickMapper.h */; };
		32C6FC7B66907E8E4242A9A3 /* MEUserNotificationCenterDelegate.h in Headers */ = {isa = PBXBuildFile; fileRef = 32C6F6C3F084722A0E74DE12 /* MEUserNotificationCenterDelegate.h */; settings = {ATTRIBUTES = (Public, ); }; };
		32C6FC9F53ECB121BF53EA03 /* NSDictionary+MobileEngage.m in Sources */ = {isa = PBXBuildFile; fileRef = 32C6FB1ABA70C84E60D9C2B0 /* NSDictionary+MobileEngage.m */; };
		32C6FCB12CC606D1633CC14E /* MEIAMTriggerAppEvent.m in Sources */ = {isa = PBXBuildFile; fileRef = 32C6FB41E419305BED20F489 /* MEIAMTriggerAppEvent.m */; };
		32C6FCF5DE2B130DCD04794A /* MEConfigBuilder.h in Headers */ = {isa = PBXBuildFile; fileRef = 32C6FB15634CAA89F68990D1 /* MEConfigBuilder.h */; settings = {ATTRIBUTES = (Public, ); }; };
		32C6FD0B7F3B7647DA9C43EC /* NSDictionary+MobileEngage.h in Headers */ = {isa = PBXBuildFile; fileRef = 32C6F901EAA453C0FE99E056 /* NSDictionary+MobileEngage.h */; };
		32C6FD7EEB7E3941D941080F /* MEInbox.h in Headers */ = {isa = PBXBuildFile; fileRef = 32C6FA2A7418AC9AED782AEC /* MEInbox.h */; settings = {ATTRIBUTES = (Public, ); }; };
		32C6FDA21145B1C645757DD8 /* MELogRepository.m in Sources */ = {isa = PBXBuildFile; fileRef = 32C6F84DE1DD1E23527A07C4 /* MELogRepository.m */; };
		32C6FDCFDBABF9F1D23592BD /* MEButtonClickFilterNoneSpecification.m in Sources */ = {isa = PBXBuildFile; fileRef = 32C6F1B014E02B19CF98027D /* MEButtonClickFilterNoneSpecification.m */; };
		32C6FDE8E8AC1858D72BC5A8 /* MEIAMTriggerMEEvent.m in Sources */ = {isa = PBXBuildFile; fileRef = 32C6F26A1AE81A9EF86ACF2D /* MEIAMTriggerMEEvent.m */; };
		32C6FE0B7C2D1F2CA3C9C3B8 /* MEDisplayedIAMFilterByCampaignIdSpecification.h in Headers */ = {isa = PBXBuildFile; fileRef = 32C6F90E5D37B430F2A64BA9 /* MEDisplayedIAMFilterByCampaignIdSpecification.h */; };
		32C6FE275A38792A53AA25C5 /* MEDisplayedIAMFilterByCampaignIdSpecification.m in Sources */ = {isa = PBXBuildFile; fileRef = 32C6FB9EBFEF8BDFD4BF51CF /* MEDisplayedIAMFilterByCampaignIdSpecification.m */; };
		32C6FE34C57C84B634006723 /* MEButtonClickFilterByCampaignIdSpecification.h in Headers */ = {isa = PBXBuildFile; fileRef = 32C6FAC86542F14D460A8C9B /* MEButtonClickFilterByCampaignIdSpecification.h */; };
		32C6FE399116DE5778DA0E0D /* MENotification.m in Sources */ = {isa = PBXBuildFile; fileRef = 32C6F647028661A86258F4C7 /* MENotification.m */; };
		32C6FE71EEE7EF09C4B7DAC8 /* MEIAMTriggerMEEvent.h in Headers */ = {isa = PBXBuildFile; fileRef = 32C6F84CD0DF18BD17C99EEE /* MEIAMTriggerMEEvent.h */; };
		32C6FE87257687C2972710A8 /* MEDisplayedIAMFilterNoneSpecification.m in Sources */ = {isa = PBXBuildFile; fileRef = 32C6F4733EC1DECF7DF66B67 /* MEDisplayedIAMFilterNoneSpecification.m */; };
		32C6FF342FC2C54422C8657C /* MobileEngage.h in Headers */ = {isa = PBXBuildFile; fileRef = 32C6F9F7C741052373E946A2 /* MobileEngage.h */; settings = {ATTRIBUTES = (Public, ); }; };
		32C6FF5192A9FCFB7429ABD9 /* MELogRepositoryProxy.m in Sources */ = {isa = PBXBuildFile; fileRef = 32C6FE51154F4C1E36D18A44 /* MELogRepositoryProxy.m */; };
		32C6FF6CA695A73EA009E40A /* MobileEngageVersion.h in Headers */ = {isa = PBXBuildFile; fileRef = 32C6FA6991F882C8197DE493 /* MobileEngageVersion.h */; };
		32C6FF8A481ABAE6D80E4809 /* MEDisplayedIAM.m in Sources */ = {isa = PBXBuildFile; fileRef = 32C6F61DB8AB1774408344F6 /* MEDisplayedIAM.m */; };
		32C6FFA3B63FF31166A5E73F /* MEIAMClose.h in Headers */ = {isa = PBXBuildFile; fileRef = 32C6F10687A5F87AF3CDF1F3 /* MEIAMClose.h */; };
		3746009B84DC571D5D5F2CA7 /* AbstractResponseHandler.h in Headers */ = {isa = PBXBuildFile; fileRef = 37460B2E4883A424C828A86E /* AbstractResponseHandler.h */; };
		374600CAD66AB83711F37FCE /* MEIdResponseHandler.m in Sources */ = {isa = PBXBuildFile; fileRef = 3746092C01D87F5FEA579CA7 /* MEIdResponseHandler.m */; };
		374600E1F7E23A2E0B9D9F45 /* MEInboxParser.h in Headers */ = {isa = PBXBuildFile; fileRef = 3746044F59EDC9970D9A6D24 /* MEInboxParser.h */; };
		374600E9C60A2E8304DB10AE /* MEInAppMessage.h in Headers */ = {isa = PBXBuildFile; fileRef = 3746096010FC1204804C68DB /* MEInAppMessage.h */; settings = {ATTRIBUTES = (Public, ); }; };
		37460116DF39091727C1532F /* MERequestMatcher.m in Sources */ = {isa = PBXBuildFile; fileRef = 374608614446AE7C297D74F3 /* MERequestMatcher.m */; };
		3746012652DCD1764DA2BE4A /* MEIAMOpenExternalLink.m in Sources */ = {isa = PBXBuildFile; fileRef = 32C6F90CA94FE2E1C48F23FF /* MEIAMOpenExternalLink.m */; };
		37460147DC91EF20CCACC213 /* MEIAMViewController.m in Sources */ = {isa = PBXBuildFile; fileRef = 32C6FA8EEE0782675EA8D0A6 /* MEIAMViewController.m */; };
		374601D32A5F62AFF997EA8F /* MENotificationInboxStatus.h in Headers */ = {isa = PBXBuildFile; fileRef = 37460E12B3DD884B04FE9218 /* MENotificationInboxStatus.h */; settings = {ATTRIBUTES = (Public, ); }; };
		37460290C9A373929F9CA198 /* MEIAMRequestPushPermission.m in Sources */ = {isa = PBXBuildFile; fileRef = 32C6F00FFF707C5A5F62FDED /* MEIAMRequestPushPermission.m */; };
		374602A91DE92918C157DDB6 /* MEFlipperFeatures.h in Headers */ = {isa = PBXBuildFile; fileRef = 3746066D8943E2027FFF3F42 /* MEFlipperFeatures.h */; settings = {ATTRIBUTES = (Public, ); }; };
		374602BA2ECBDD6DD87300C2 /* MEIAMResponseHandler.m in Sources */ = {isa = PBXBuildFile; fileRef = 37460D27191E887732637BF5 /* MEIAMResponseHandler.m */; };
		374602FFDFB3E8B95C8CA424 /* MEAppLoginParameters.m in Sources */ = {isa = PBXBuildFile; fileRef = 37460064180D9AE6386F4D91 /* MEAppLoginParameters.m */; };
		3746030B5D8D6E214DDA5B9F /* MEExperimental.m in Sources */ = {isa = PBXBuildFile; fileRef = 374604E3E352194906AB8A69 /* MEExperimental.m */; };
		3746038D76CEA08597C0FDAE /* MEInAppTrackingProtocol.h in Headers */ = {isa = PBXBuildFile; fileRef = 37460E9CDD5A9F2C2AF20894 /* MEInAppTrackingProtocol.h */; };
		374603F787CFD3E672E57678 /* MERequestModelRepositoryFactory.h in Headers */ = {isa = PBXBuildFile; fileRef = 374607020545120DFD251B3A /* MERequestModelRepositoryFactory.h */; };
		37460580C4F1D671CF020965 /* MEInbox.m in Sources */ = {isa = PBXBuildFile; fileRef = 3746016139C5A75BC00CF6F2 /* MEInbox.m */; };
		374607D89E8F3F987002E856 /* MEDefaultHeaders.h in Headers */ = {isa = PBXBuildFile; fileRef = 374606679A509711A7AAF52E /* MEDefaultHeaders.h */; };
		374607DBF8CB52FD015B63B5 /* MEIdResponseHandler.h in Headers */ = {isa = PBXBuildFile; fileRef = 37460EBC71A98B939E0E6817 /* MEIdResponseHandler.h */; };
		374608097EC048F89D113A3C /* MENotificationInboxStatus.m in Sources */ = {isa = PBXBuildFile; fileRef = 374606DCC16B33077DAC2715 /* MENotificationInboxStatus.m */; };
		374608431822FD12AF1F4B5B /* MEIAMRequestPushPermission.h in Headers */ = {isa = PBXBuildFile; fileRef = 32C6F8536ADC913D4B8E671A /* MEIAMRequestPushPermission.h */; };
		37460849C29A18DDD1C0D2E6 /* MEJSBridge.m in Sources */ = {isa = PBXBuildFile; fileRef = 32C6FE8A34E6E3DECFC98060 /* MEJSBridge.m */; };
		37460854457B91BF422DDCF4 /* MESchemaDelegate.m in Sources */ = {isa = PBXBuildFile; fileRef = 37460B8629DB768976F22C46 /* MESchemaDelegate.m */; };
		3746088660518C142947BE84 /* MEInboxNotificationProtocol.h in Headers */ = {isa = PBXBuildFile; fileRef = 3746037DBB3D2CF1327E9CFF /* MEInboxNotificationProtocol.h */; settings = {ATTRIBUTES = (Public, ); }; };
		374608F21CE1AC7E14573F2C /* MEIAMViewController.h in Headers */ = {isa = PBXBuildFile; fileRef = 32C6FCCD33A9BBF6346D8341 /* MEIAMViewController.h */; };
		374609C4541B2676E272E8D8 /* AbstractResponseHandler.m in Sources */ = {isa = PBXBuildFile; fileRef = 3746033EE7A4F10260679059 /* AbstractResponseHandler.m */; };
		37460A62F83EEBC27D4EEC21 /* MESchemaDelegate.h in Headers */ = {isa = PBXBuildFile; fileRef = 3746094A69CB6880DADC463D /* MESchemaDelegate.h */; };
		37460A79B9C8DBBFFBF4E29E /* MEInboxParser.m in Sources */ = {isa = PBXBuildFile; fileRef = 37460DB8C2DE5DC85E245CAF /* MEInboxParser.m */; };
		37460ADCC827746D2810FE5E /* MERequestTools.h in Headers */ = {isa = PBXBuildFile; fileRef = 37460521AE06A500186FD321 /* MERequestTools.h */; };
		37460BA6202F9827C47F7D94 /* MEIAMJSCommandFactory.m in Sources */ = {isa = PBXBuildFile; fileRef = 32C6F3D371E49D815D949BFA /* MEIAMJSCommandFactory.m */; };
		37460C241F04C795E22EC611 /* MEIAMCleanupResponseHandler.m in Sources */ = {isa = PBXBuildFile; fileRef = 374603A882D161B9462DD51B /* MEIAMCleanupResponseHandler.m */; };
		37460C3AA467BA44AB325DE4 /* MERequestTools.m in Sources */ = {isa = PBXBuildFile; fileRef = 3746079DD43804C497AF4434 /* MERequestTools.m */; };
		37460D076CB32085C1C00B2F /* MEIAMOpenExternalLink.h in Headers */ = {isa = PBXBuildFile; fileRef = 32C6F7E0D58A00BDB8F7FEAE /* MEIAMOpenExternalLink.h */; };
		37460D84CBC8150F27E2EA4B /* MEIAMCleanupResponseHandler.h in Headers */ = {isa = PBXBuildFile; fileRef = 37460A1A84F228F63F981944 /* MEIAMCleanupResponseHandler.h */; };
		37460D8A9337F9B6ABBA014F /* MEAppLoginParameters.h in Headers */ = {isa = PBXBuildFile; fileRef = 3746074B9FA6B1E3D03E0F05 /* MEAppLoginParameters.h */; };
		37460DAA866D60EE0D0787DD /* MEExperimental.h in Headers */ = {isa = PBXBuildFile; fileRef = 3746047E3D08458D4B7EB1C9 /* MEExperimental.h */; };
		37460E02219D49D98AA07133 /* MENotificationCenterManager.h in Headers */ = {isa = PBXBuildFile; fileRef = 374607BD184EAB0D01365A5F /* MENotificationCenterManager.h */; };
		37460E1132932DC93D2D6A60 /* MEIAMJSCommandFactory.h in Headers */ = {isa = PBXBuildFile; fileRef = 32C6FF8415B90121DB6701D8 /* MEIAMJSCommandFactory.h */; };
		37460E5009C7A7B6EC690D77 /* MEDefaultHeaders.m in Sources */ = {isa = PBXBuildFile; fileRef = 374606A1F7759D050D7FD2BA /* MEDefaultHeaders.m */; };
		37460EC794D9BE7A0577B4BB /* NSData+MobileEngine.h in Headers */ = {isa = PBXBuildFile; fileRef = 374606C19F7396FF90BF0546 /* NSData+MobileEngine.h */; };
		37460EF86805BA5858932253 /* MERequestMatcher.h in Headers */ = {isa = PBXBuildFile; fileRef = 37460A7C6604381BE785DFBD /* MERequestMatcher.h */; };
		37460F3B516AF69532F04777 /* MEInApp.m in Sources */ = {isa = PBXBuildFile; fileRef = 32C6F8EE0B6EC22B4D578998 /* MEInApp.m */; };
		37460F7AB2AB78DB92837FF9 /* MENotificationCenterManager.m in Sources */ = {isa = PBXBuildFile; fileRef = 374607FC290CD9625C926232 /* MENotificationCenterManager.m */; };
		37460F8AB7A75315B302E899 /* NSData+MobileEngine.m in Sources */ = {isa = PBXBuildFile; fileRef = 37460A987A7E73365F25A559 /* NSData+MobileEngine.m */; };
		37460F947DFAD02273B98839 /* MERequestModelRepositoryFactory.m in Sources */ = {isa = PBXBuildFile; fileRef = 3746097A272AA451E4552CC0 /* MERequestModelRepositoryFactory.m */; };
		37460F9E4A28779D9590E90C /* MEInAppMessage.m in Sources */ = {isa = PBXBuildFile; fileRef = 37460EA3311E9482B6DB9C81 /* MEInAppMessage.m */; };
		37460FAEE554D06BC0F7EDE7 /* MEOsVersionUtils.h in Headers */ = {isa = PBXBuildFile; fileRef = 37460CE4CE4D9C8B3E807863 /* MEOsVersionUtils.h */; };
		37460FD58D2F210F1B6E3A2E /* MEIAMJSCommandProtocol.h in Headers */ = {isa = PBXBuildFile; fileRef = 32C6FD5134834458FE22A792 /* MEIAMJSCommandProtocol.h */; };
		37460FF61699213058A2187D /* MEIAMResponseHandler.h in Headers */ = {isa = PBXBuildFile; fileRef = 374607DB302A1C9B233EE5A1 /* MEIAMResponseHandler.h */; };
		8AAFD65E1EE196C700ACEB52 /* libsqlite3.tbd in Frameworks */ = {isa = PBXBuildFile; fileRef = 8A4BD79F1EE192FF0056486D /* libsqlite3.tbd */; };
		E65583D86E7FC18442B142D0 /* MEInboxProtocol.h in Headers */ = {isa = PBXBuildFile; fileRef = E6558ACDAFAE46D238CFA2DF /* MEInboxProtocol.h */; settings = {ATTRIBUTES = (Public, ); }; };
		E65585B14C364FCFCF8D438B /* MEInboxV2.h in Headers */ = {isa = PBXBuildFile; fileRef = E65587B6E86F82209C3026CE /* MEInboxV2.h */; };
		E6558DF4F3B90DC7FF5DA222 /* MEInboxV2.m in Sources */ = {isa = PBXBuildFile; fileRef = E6558EE1E4F554A6B261D02F /* MEInboxV2.m */; };
		FA65207C21F8A91F00F28CD6 /* MENotificationService.h in Headers */ = {isa = PBXBuildFile; fileRef = 32C6F521956A81704A001885 /* MENotificationService.h */; settings = {ATTRIBUTES = (Public, ); }; };
		FA65207D21F8A93A00F28CD6 /* MENotificationService.m in Sources */ = {isa = PBXBuildFile; fileRef = 32C6F722D778C7D3C06A56C7 /* MENotificationService.m */; };
		FA65207E21F8A94000F28CD6 /* MENotificationService+Actions.m in Sources */ = {isa = PBXBuildFile; fileRef = 32C6F507C56E0E848F8A39EB /* MENotificationService+Actions.m */; };
		FA65207F21F8A94300F28CD6 /* MENotificationService+Actions.h in Headers */ = {isa = PBXBuildFile; fileRef = 32C6FAD1D5A57946AA3FD8D2 /* MENotificationService+Actions.h */; };
		FA65208021F8A94500F28CD6 /* MENotificationService+PushToInApp.m in Sources */ = {isa = PBXBuildFile; fileRef = 32C6FD9F2C6252C129FB6A99 /* MENotificationService+PushToInApp.m */; };
		FA65208121F8A94600F28CD6 /* MENotificationService+PushToInApp.h in Headers */ = {isa = PBXBuildFile; fileRef = 32C6F02AE6EF360D684F1079 /* MENotificationService+PushToInApp.h */; };
		FA65208221F8A94900F28CD6 /* MENotificationService+Attachment.m in Sources */ = {isa = PBXBuildFile; fileRef = 32C6F32993464BC23A2BB392 /* MENotificationService+Attachment.m */; };
		FA65208321F8A94B00F28CD6 /* MENotificationService+Attachment.h in Headers */ = {isa = PBXBuildFile; fileRef = 32C6F72B02B208784AC046BC /* MENotificationService+Attachment.h */; };
		FA65208421F8A94D00F28CD6 /* MEDownloader.m in Sources */ = {isa = PBXBuildFile; fileRef = 32C6F808C69DC36C35C318C9 /* MEDownloader.m */; };
		FA65208521F8A98D00F28CD6 /* MEDownloader.h in Headers */ = {isa = PBXBuildFile; fileRef = 32C6FCFF00FA47DE97BE96EA /* MEDownloader.h */; };
		FA65208621F8AAF000F28CD6 /* CoreSDK.framework in Frameworks */ = {isa = PBXBuildFile; fileRef = FABAAF0921F88C760000F384 /* CoreSDK.framework */; };
		FABAAF0A21F88C770000F384 /* CoreSDK.framework in Frameworks */ = {isa = PBXBuildFile; fileRef = FABAAF0921F88C760000F384 /* CoreSDK.framework */; };
		FABAAF2A21F893AA0000F384 /* MobileEngageSDK.h in Headers */ = {isa = PBXBuildFile; fileRef = FABAAF2921F893AA0000F384 /* MobileEngageSDK.h */; settings = {ATTRIBUTES = (Public, ); }; };
		FABAAF2C21F894540000F384 /* MEInApp.h in Headers */ = {isa = PBXBuildFile; fileRef = 32C6F921A695F1A854880600 /* MEInApp.h */; settings = {ATTRIBUTES = (Public, ); }; };
		FABAAF3B21F8A6D70000F384 /* MobileEngageRichExtension.h in Headers */ = {isa = PBXBuildFile; fileRef = FABAAF3921F8A6D70000F384 /* MobileEngageRichExtension.h */; settings = {ATTRIBUTES = (Public, ); }; };
/* End PBXBuildFile section */

/* Begin PBXFileReference section */
		1689A60D20A5D19600E5D91F /* MEUserNotificationDelegate.h */ = {isa = PBXFileReference; fileEncoding = 4; lastKnownFileType = sourcecode.c.h; path = MEUserNotificationDelegate.h; sourceTree = "<group>"; };
		1689A60E20A5D19600E5D91F /* MEUserNotificationDelegate.m */ = {isa = PBXFileReference; fileEncoding = 4; lastKnownFileType = sourcecode.c.objc; path = MEUserNotificationDelegate.m; sourceTree = "<group>"; };
		32C6F00FFF707C5A5F62FDED /* MEIAMRequestPushPermission.m */ = {isa = PBXFileReference; fileEncoding = 4; lastKnownFileType = sourcecode.c.objc; path = MEIAMRequestPushPermission.m; sourceTree = "<group>"; };
		32C6F02AE6EF360D684F1079 /* MENotificationService+PushToInApp.h */ = {isa = PBXFileReference; fileEncoding = 4; lastKnownFileType = sourcecode.c.h; path = "MENotificationService+PushToInApp.h"; sourceTree = "<group>"; };
		32C6F0AE4DC9A27CE49FA06C /* MEEventHandler.h */ = {isa = PBXFileReference; fileEncoding = 4; lastKnownFileType = sourcecode.c.h; path = MEEventHandler.h; sourceTree = "<group>"; };
		32C6F0CED986657DA32E7525 /* MEConfigBuilder.m */ = {isa = PBXFileReference; fileEncoding = 4; lastKnownFileType = sourcecode.c.objc; path = MEConfigBuilder.m; sourceTree = "<group>"; };
		32C6F0E89AACE3F57B3C321C /* MEIAMTriggerAppEvent.h */ = {isa = PBXFileReference; fileEncoding = 4; lastKnownFileType = sourcecode.c.h; path = MEIAMTriggerAppEvent.h; sourceTree = "<group>"; };
		32C6F0F5EAFCCF8DD8BEDE99 /* MobileEngage.m */ = {isa = PBXFileReference; fileEncoding = 4; lastKnownFileType = sourcecode.c.objc; path = MobileEngage.m; sourceTree = "<group>"; };
		32C6F101FEB4BA2BDDF0F7F6 /* MEButtonClickMapper.h */ = {isa = PBXFileReference; fileEncoding = 4; lastKnownFileType = sourcecode.c.h; path = MEButtonClickMapper.h; sourceTree = "<group>"; };
		32C6F1045F8F067FAC344C7F /* MENotification.h */ = {isa = PBXFileReference; fileEncoding = 4; lastKnownFileType = sourcecode.c.h; path = MENotification.h; sourceTree = "<group>"; };
		32C6F10687A5F87AF3CDF1F3 /* MEIAMClose.h */ = {isa = PBXFileReference; fileEncoding = 4; lastKnownFileType = sourcecode.c.h; path = MEIAMClose.h; sourceTree = "<group>"; };
		32C6F1837D09A84D8E88D5AB /* MEIAMMetricsLogHandler.m */ = {isa = PBXFileReference; fileEncoding = 4; lastKnownFileType = sourcecode.c.objc; path = MEIAMMetricsLogHandler.m; sourceTree = "<group>"; };
		32C6F1B014E02B19CF98027D /* MEButtonClickFilterNoneSpecification.m */ = {isa = PBXFileReference; fileEncoding = 4; lastKnownFileType = sourcecode.c.objc; path = MEButtonClickFilterNoneSpecification.m; sourceTree = "<group>"; };
		32C6F1B3885F21F0F4848205 /* MEDisplayedIAMMapper.m */ = {isa = PBXFileReference; fileEncoding = 4; lastKnownFileType = sourcecode.c.objc; path = MEDisplayedIAMMapper.m; sourceTree = "<group>"; };
		32C6F1D3BEC7DFFE2FADD1F7 /* MEDisplayedIAMMapper.h */ = {isa = PBXFileReference; fileEncoding = 4; lastKnownFileType = sourcecode.c.h; path = MEDisplayedIAMMapper.h; sourceTree = "<group>"; };
		32C6F21877B31FBCAD8E6185 /* MEButtonClickRepository.m */ = {isa = PBXFileReference; fileEncoding = 4; lastKnownFileType = sourcecode.c.objc; path = MEButtonClickRepository.m; sourceTree = "<group>"; };
		32C6F22AD8B05632EFE8F29D /* MEConfig.h */ = {isa = PBXFileReference; fileEncoding = 4; lastKnownFileType = sourcecode.c.h; path = MEConfig.h; sourceTree = "<group>"; };
		32C6F254311B066EA5E9DBAB /* MEButtonClickRepository+Private.h */ = {isa = PBXFileReference; fileEncoding = 4; lastKnownFileType = sourcecode.c.h; path = "MEButtonClickRepository+Private.h"; sourceTree = "<group>"; };
		32C6F26A1AE81A9EF86ACF2D /* MEIAMTriggerMEEvent.m */ = {isa = PBXFileReference; fileEncoding = 4; lastKnownFileType = sourcecode.c.objc; path = MEIAMTriggerMEEvent.m; sourceTree = "<group>"; };
		32C6F295F8BD32E1A130E5AC /* MEDisplayedIAMRepository.h */ = {isa = PBXFileReference; fileEncoding = 4; lastKnownFileType = sourcecode.c.h; path = MEDisplayedIAMRepository.h; sourceTree = "<group>"; };
		32C6F2B8236EECA673E630CD /* MERequestModelSelectEventsSpecification.h */ = {isa = PBXFileReference; fileEncoding = 4; lastKnownFileType = sourcecode.c.h; path = MERequestModelSelectEventsSpecification.h; sourceTree = "<group>"; };
		32C6F31FBEB1B7374C53C8F8 /* MELogRepository.h */ = {isa = PBXFileReference; fileEncoding = 4; lastKnownFileType = sourcecode.c.h; path = MELogRepository.h; sourceTree = "<group>"; };
		32C6F32993464BC23A2BB392 /* MENotificationService+Attachment.m */ = {isa = PBXFileReference; fileEncoding = 4; lastKnownFileType = sourcecode.c.objc; path = "MENotificationService+Attachment.m"; sourceTree = "<group>"; };
		32C6F3432166DDF94429FA90 /* MERequestModelSelectEventsSpecification.m */ = {isa = PBXFileReference; fileEncoding = 4; lastKnownFileType = sourcecode.c.objc; path = MERequestModelSelectEventsSpecification.m; sourceTree = "<group>"; };
		32C6F347F1A25755538F5591 /* MobileEngageStatusDelegate.h */ = {isa = PBXFileReference; fileEncoding = 4; lastKnownFileType = sourcecode.c.h; path = MobileEngageStatusDelegate.h; sourceTree = "<group>"; };
		32C6F3A6CBB6E0E8683EC3C4 /* MEDisplayedIAMRepository.m */ = {isa = PBXFileReference; fileEncoding = 4; lastKnownFileType = sourcecode.c.objc; path = MEDisplayedIAMRepository.m; sourceTree = "<group>"; };
		32C6F3AF5B48C9665150410F /* MEIAMButtonClicked.h */ = {isa = PBXFileReference; fileEncoding = 4; lastKnownFileType = sourcecode.c.h; path = MEIAMButtonClicked.h; sourceTree = "<group>"; };
		32C6F3D371E49D815D949BFA /* MEIAMJSCommandFactory.m */ = {isa = PBXFileReference; fileEncoding = 4; lastKnownFileType = sourcecode.c.objc; path = MEIAMJSCommandFactory.m; sourceTree = "<group>"; };
		32C6F4733EC1DECF7DF66B67 /* MEDisplayedIAMFilterNoneSpecification.m */ = {isa = PBXFileReference; fileEncoding = 4; lastKnownFileType = sourcecode.c.objc; path = MEDisplayedIAMFilterNoneSpecification.m; sourceTree = "<group>"; };
		32C6F49D913F9F20EDD5331E /* MobileEngageInternal.m */ = {isa = PBXFileReference; fileEncoding = 4; lastKnownFileType = sourcecode.c.objc; path = MobileEngageInternal.m; sourceTree = "<group>"; };
		32C6F4A33D32AD63DBCF2C46 /* MEIAMCommandResultUtils.m */ = {isa = PBXFileReference; fileEncoding = 4; lastKnownFileType = sourcecode.c.objc; path = MEIAMCommandResultUtils.m; sourceTree = "<group>"; };
		32C6F4B23F907ACA4EB5FA48 /* MEIAMCommandResultUtils.h */ = {isa = PBXFileReference; fileEncoding = 4; lastKnownFileType = sourcecode.c.h; path = MEIAMCommandResultUtils.h; sourceTree = "<group>"; };
		32C6F4ECB33867A9A7354FA1 /* MEInApp+Private.h */ = {isa = PBXFileReference; fileEncoding = 4; lastKnownFileType = sourcecode.c.h; path = "MEInApp+Private.h"; sourceTree = "<group>"; };
		32C6F507C56E0E848F8A39EB /* MENotificationService+Actions.m */ = {isa = PBXFileReference; fileEncoding = 4; lastKnownFileType = sourcecode.c.objc; path = "MENotificationService+Actions.m"; sourceTree = "<group>"; };
		32C6F521956A81704A001885 /* MENotificationService.h */ = {isa = PBXFileReference; fileEncoding = 4; lastKnownFileType = sourcecode.c.h; path = MENotificationService.h; sourceTree = "<group>"; };
		32C6F595ECA8ADEB32C2A088 /* MERequestContext.m */ = {isa = PBXFileReference; fileEncoding = 4; lastKnownFileType = sourcecode.c.objc; path = MERequestContext.m; sourceTree = "<group>"; };
		32C6F61DB8AB1774408344F6 /* MEDisplayedIAM.m */ = {isa = PBXFileReference; fileEncoding = 4; lastKnownFileType = sourcecode.c.objc; path = MEDisplayedIAM.m; sourceTree = "<group>"; };
		32C6F647028661A86258F4C7 /* MENotification.m */ = {isa = PBXFileReference; fileEncoding = 4; lastKnownFileType = sourcecode.c.objc; path = MENotification.m; sourceTree = "<group>"; };
		32C6F6C3F084722A0E74DE12 /* MEUserNotificationCenterDelegate.h */ = {isa = PBXFileReference; fileEncoding = 4; lastKnownFileType = sourcecode.c.h; path = MEUserNotificationCenterDelegate.h; sourceTree = "<group>"; };
		32C6F722D778C7D3C06A56C7 /* MENotificationService.m */ = {isa = PBXFileReference; fileEncoding = 4; lastKnownFileType = sourcecode.c.objc; path = MENotificationService.m; sourceTree = "<group>"; };
		32C6F72B02B208784AC046BC /* MENotificationService+Attachment.h */ = {isa = PBXFileReference; fileEncoding = 4; lastKnownFileType = sourcecode.c.h; path = "MENotificationService+Attachment.h"; sourceTree = "<group>"; };
		32C6F75C6B275FB5F0669AF0 /* Info.plist */ = {isa = PBXFileReference; lastKnownFileType = text.plist.xml; path = Info.plist; sourceTree = "<group>"; };
		32C6F76EE73D949B25B611E5 /* MEJSBridge.h */ = {isa = PBXFileReference; fileEncoding = 4; lastKnownFileType = sourcecode.c.h; path = MEJSBridge.h; sourceTree = "<group>"; };
		32C6F7DF0EE16F05A825D00D /* MEButtonClickFilterByCampaignIdSpecification.m */ = {isa = PBXFileReference; fileEncoding = 4; lastKnownFileType = sourcecode.c.objc; path = MEButtonClickFilterByCampaignIdSpecification.m; sourceTree = "<group>"; };
		32C6F7E0D58A00BDB8F7FEAE /* MEIAMOpenExternalLink.h */ = {isa = PBXFileReference; fileEncoding = 4; lastKnownFileType = sourcecode.c.h; path = MEIAMOpenExternalLink.h; sourceTree = "<group>"; };
		32C6F7F0AA7CFD8DBC0A1DC1 /* MEDisplayedIAMFilterNoneSpecification.h */ = {isa = PBXFileReference; fileEncoding = 4; lastKnownFileType = sourcecode.c.h; path = MEDisplayedIAMFilterNoneSpecification.h; sourceTree = "<group>"; };
		32C6F7F2639D4CE7D8F85072 /* MobileEngage+Private.h */ = {isa = PBXFileReference; fileEncoding = 4; lastKnownFileType = sourcecode.c.h; path = "MobileEngage+Private.h"; sourceTree = "<group>"; };
		32C6F808C69DC36C35C318C9 /* MEDownloader.m */ = {isa = PBXFileReference; fileEncoding = 4; lastKnownFileType = sourcecode.c.objc; path = MEDownloader.m; sourceTree = "<group>"; };
		32C6F80BB0BF741BD5266118 /* MEIAMMetricsLogHandler.h */ = {isa = PBXFileReference; fileEncoding = 4; lastKnownFileType = sourcecode.c.h; path = MEIAMMetricsLogHandler.h; sourceTree = "<group>"; };
		32C6F84CD0DF18BD17C99EEE /* MEIAMTriggerMEEvent.h */ = {isa = PBXFileReference; fileEncoding = 4; lastKnownFileType = sourcecode.c.h; path = MEIAMTriggerMEEvent.h; sourceTree = "<group>"; };
		32C6F84DE1DD1E23527A07C4 /* MELogRepository.m */ = {isa = PBXFileReference; fileEncoding = 4; lastKnownFileType = sourcecode.c.objc; path = MELogRepository.m; sourceTree = "<group>"; };
		32C6F8536ADC913D4B8E671A /* MEIAMRequestPushPermission.h */ = {isa = PBXFileReference; fileEncoding = 4; lastKnownFileType = sourcecode.c.h; path = MEIAMRequestPushPermission.h; sourceTree = "<group>"; };
		32C6F8B1FF64F2826D1B8F7E /* MEButtonClick.m */ = {isa = PBXFileReference; fileEncoding = 4; lastKnownFileType = sourcecode.c.objc; path = MEButtonClick.m; sourceTree = "<group>"; };
		32C6F8B20D14C6C845ECDB2A /* MERequestFactory.h */ = {isa = PBXFileReference; fileEncoding = 4; lastKnownFileType = sourcecode.c.h; path = MERequestFactory.h; sourceTree = "<group>"; };
		32C6F8DAD8E109756D0A6B68 /* MobileEngageInternal.h */ = {isa = PBXFileReference; fileEncoding = 4; lastKnownFileType = sourcecode.c.h; path = MobileEngageInternal.h; sourceTree = "<group>"; };
		32C6F8EE0B6EC22B4D578998 /* MEInApp.m */ = {isa = PBXFileReference; fileEncoding = 4; lastKnownFileType = sourcecode.c.objc; path = MEInApp.m; sourceTree = "<group>"; };
		32C6F901EAA453C0FE99E056 /* NSDictionary+MobileEngage.h */ = {isa = PBXFileReference; fileEncoding = 4; lastKnownFileType = sourcecode.c.h; path = "NSDictionary+MobileEngage.h"; sourceTree = "<group>"; };
		32C6F90CA94FE2E1C48F23FF /* MEIAMOpenExternalLink.m */ = {isa = PBXFileReference; fileEncoding = 4; lastKnownFileType = sourcecode.c.objc; path = MEIAMOpenExternalLink.m; sourceTree = "<group>"; };
		32C6F90E5D37B430F2A64BA9 /* MEDisplayedIAMFilterByCampaignIdSpecification.h */ = {isa = PBXFileReference; fileEncoding = 4; lastKnownFileType = sourcecode.c.h; path = MEDisplayedIAMFilterByCampaignIdSpecification.h; sourceTree = "<group>"; };
		32C6F90EC00FC385F9869441 /* MERequestContext.h */ = {isa = PBXFileReference; fileEncoding = 4; lastKnownFileType = sourcecode.c.h; path = MERequestContext.h; sourceTree = "<group>"; };
		32C6F921A695F1A854880600 /* MEInApp.h */ = {isa = PBXFileReference; fileEncoding = 4; lastKnownFileType = sourcecode.c.h; path = MEInApp.h; sourceTree = "<group>"; };
		32C6F9F7C741052373E946A2 /* MobileEngage.h */ = {isa = PBXFileReference; fileEncoding = 4; lastKnownFileType = sourcecode.c.h; path = MobileEngage.h; sourceTree = "<group>"; };
		32C6FA13BE5B70383D0254FF /* MEButtonClick.h */ = {isa = PBXFileReference; fileEncoding = 4; lastKnownFileType = sourcecode.c.h; path = MEButtonClick.h; sourceTree = "<group>"; };
		32C6FA2A7418AC9AED782AEC /* MEInbox.h */ = {isa = PBXFileReference; fileEncoding = 4; lastKnownFileType = sourcecode.c.h; path = MEInbox.h; sourceTree = "<group>"; };
		32C6FA6991F882C8197DE493 /* MobileEngageVersion.h */ = {isa = PBXFileReference; fileEncoding = 4; lastKnownFileType = sourcecode.c.h; path = MobileEngageVersion.h; sourceTree = "<group>"; };
		32C6FA8EEE0782675EA8D0A6 /* MEIAMViewController.m */ = {isa = PBXFileReference; fileEncoding = 4; lastKnownFileType = sourcecode.c.objc; path = MEIAMViewController.m; sourceTree = "<group>"; };
		32C6FAC86542F14D460A8C9B /* MEButtonClickFilterByCampaignIdSpecification.h */ = {isa = PBXFileReference; fileEncoding = 4; lastKnownFileType = sourcecode.c.h; path = MEButtonClickFilterByCampaignIdSpecification.h; sourceTree = "<group>"; };
		32C6FAD1D5A57946AA3FD8D2 /* MENotificationService+Actions.h */ = {isa = PBXFileReference; fileEncoding = 4; lastKnownFileType = sourcecode.c.h; path = "MENotificationService+Actions.h"; sourceTree = "<group>"; };
		32C6FB15634CAA89F68990D1 /* MEConfigBuilder.h */ = {isa = PBXFileReference; fileEncoding = 4; lastKnownFileType = sourcecode.c.h; path = MEConfigBuilder.h; sourceTree = "<group>"; };
		32C6FB1ABA70C84E60D9C2B0 /* NSDictionary+MobileEngage.m */ = {isa = PBXFileReference; fileEncoding = 4; lastKnownFileType = sourcecode.c.objc; path = "NSDictionary+MobileEngage.m"; sourceTree = "<group>"; };
		32C6FB41E419305BED20F489 /* MEIAMTriggerAppEvent.m */ = {isa = PBXFileReference; fileEncoding = 4; lastKnownFileType = sourcecode.c.objc; path = MEIAMTriggerAppEvent.m; sourceTree = "<group>"; };
		32C6FB9EBFEF8BDFD4BF51CF /* MEDisplayedIAMFilterByCampaignIdSpecification.m */ = {isa = PBXFileReference; fileEncoding = 4; lastKnownFileType = sourcecode.c.objc; path = MEDisplayedIAMFilterByCampaignIdSpecification.m; sourceTree = "<group>"; };
		32C6FC8ECC1C42B192A88B57 /* MEButtonClickFilterNoneSpecification.h */ = {isa = PBXFileReference; fileEncoding = 4; lastKnownFileType = sourcecode.c.h; path = MEButtonClickFilterNoneSpecification.h; sourceTree = "<group>"; };
		32C6FCCD33A9BBF6346D8341 /* MEIAMViewController.h */ = {isa = PBXFileReference; fileEncoding = 4; lastKnownFileType = sourcecode.c.h; path = MEIAMViewController.h; sourceTree = "<group>"; };
		32C6FCFF00FA47DE97BE96EA /* MEDownloader.h */ = {isa = PBXFileReference; fileEncoding = 4; lastKnownFileType = sourcecode.c.h; path = MEDownloader.h; sourceTree = "<group>"; };
		32C6FD2E947184BE9657A4DD /* MEButtonClickRepository.h */ = {isa = PBXFileReference; fileEncoding = 4; lastKnownFileType = sourcecode.c.h; path = MEButtonClickRepository.h; sourceTree = "<group>"; };
		32C6FD5134834458FE22A792 /* MEIAMJSCommandProtocol.h */ = {isa = PBXFileReference; fileEncoding = 4; lastKnownFileType = sourcecode.c.h; path = MEIAMJSCommandProtocol.h; sourceTree = "<group>"; };
		32C6FD84EBD32BA42F184C29 /* MEButtonClickMapper.m */ = {isa = PBXFileReference; fileEncoding = 4; lastKnownFileType = sourcecode.c.objc; path = MEButtonClickMapper.m; sourceTree = "<group>"; };
		32C6FD9F2C6252C129FB6A99 /* MENotificationService+PushToInApp.m */ = {isa = PBXFileReference; fileEncoding = 4; lastKnownFileType = sourcecode.c.objc; path = "MENotificationService+PushToInApp.m"; sourceTree = "<group>"; };
		32C6FDC043434C1F30EC7F5E /* MEDisplayedIAMContract.h */ = {isa = PBXFileReference; fileEncoding = 4; lastKnownFileType = sourcecode.c.h; path = MEDisplayedIAMContract.h; sourceTree = "<group>"; };
		32C6FDD4DA2BF6226CA9F854 /* MERequestFactory.m */ = {isa = PBXFileReference; fileEncoding = 4; lastKnownFileType = sourcecode.c.objc; path = MERequestFactory.m; sourceTree = "<group>"; };
		32C6FE11C048D1D103C6B120 /* MEConfig.m */ = {isa = PBXFileReference; fileEncoding = 4; lastKnownFileType = sourcecode.c.objc; path = MEConfig.m; sourceTree = "<group>"; };
		32C6FE51154F4C1E36D18A44 /* MELogRepositoryProxy.m */ = {isa = PBXFileReference; fileEncoding = 4; lastKnownFileType = sourcecode.c.objc; path = MELogRepositoryProxy.m; sourceTree = "<group>"; };
		32C6FE8A34E6E3DECFC98060 /* MEJSBridge.m */ = {isa = PBXFileReference; fileEncoding = 4; lastKnownFileType = sourcecode.c.objc; path = MEJSBridge.m; sourceTree = "<group>"; };
		32C6FE8D316E447082C46F2E /* MERequestRepositoryProxy.h */ = {isa = PBXFileReference; fileEncoding = 4; lastKnownFileType = sourcecode.c.h; path = MERequestRepositoryProxy.h; sourceTree = "<group>"; };
		32C6FE9889F6A36EBE36E6E6 /* MELogRepositoryProxy.h */ = {isa = PBXFileReference; fileEncoding = 4; lastKnownFileType = sourcecode.c.h; path = MELogRepositoryProxy.h; sourceTree = "<group>"; };
		32C6FEC1EA29C5F2302CB41B /* MEIAMProtocol.h */ = {isa = PBXFileReference; fileEncoding = 4; lastKnownFileType = sourcecode.c.h; path = MEIAMProtocol.h; sourceTree = "<group>"; };
		32C6FEC834075728BC56C919 /* MEDisplayedIAM.h */ = {isa = PBXFileReference; fileEncoding = 4; lastKnownFileType = sourcecode.c.h; path = MEDisplayedIAM.h; sourceTree = "<group>"; };
		32C6FED2DDBCB5B94E54E9BE /* MEButtonClickContract.h */ = {isa = PBXFileReference; fileEncoding = 4; lastKnownFileType = sourcecode.c.h; path = MEButtonClickContract.h; sourceTree = "<group>"; };
		32C6FF8415B90121DB6701D8 /* MEIAMJSCommandFactory.h */ = {isa = PBXFileReference; fileEncoding = 4; lastKnownFileType = sourcecode.c.h; path = MEIAMJSCommandFactory.h; sourceTree = "<group>"; };
		32C6FFC57DD9754C55027A8B /* MERequestRepositoryProxy.m */ = {isa = PBXFileReference; fileEncoding = 4; lastKnownFileType = sourcecode.c.objc; path = MERequestRepositoryProxy.m; sourceTree = "<group>"; };
		32C6FFE02855F6FA4DCFF55D /* MEIAMClose.m */ = {isa = PBXFileReference; fileEncoding = 4; lastKnownFileType = sourcecode.c.objc; path = MEIAMClose.m; sourceTree = "<group>"; };
		32C6FFEF2BED88E65A98E1CF /* MEIAMButtonClicked.m */ = {isa = PBXFileReference; fileEncoding = 4; lastKnownFileType = sourcecode.c.objc; path = MEIAMButtonClicked.m; sourceTree = "<group>"; };
		37460064180D9AE6386F4D91 /* MEAppLoginParameters.m */ = {isa = PBXFileReference; fileEncoding = 4; lastKnownFileType = sourcecode.c.objc; path = MEAppLoginParameters.m; sourceTree = "<group>"; };
		3746016139C5A75BC00CF6F2 /* MEInbox.m */ = {isa = PBXFileReference; fileEncoding = 4; lastKnownFileType = sourcecode.c.objc; path = MEInbox.m; sourceTree = "<group>"; };
		3746033EE7A4F10260679059 /* AbstractResponseHandler.m */ = {isa = PBXFileReference; fileEncoding = 4; lastKnownFileType = sourcecode.c.objc; path = AbstractResponseHandler.m; sourceTree = "<group>"; };
		3746037DBB3D2CF1327E9CFF /* MEInboxNotificationProtocol.h */ = {isa = PBXFileReference; fileEncoding = 4; lastKnownFileType = sourcecode.c.h; path = MEInboxNotificationProtocol.h; sourceTree = "<group>"; };
		374603A882D161B9462DD51B /* MEIAMCleanupResponseHandler.m */ = {isa = PBXFileReference; fileEncoding = 4; lastKnownFileType = sourcecode.c.objc; path = MEIAMCleanupResponseHandler.m; sourceTree = "<group>"; };
		3746044F59EDC9970D9A6D24 /* MEInboxParser.h */ = {isa = PBXFileReference; fileEncoding = 4; lastKnownFileType = sourcecode.c.h; path = MEInboxParser.h; sourceTree = "<group>"; };
		3746047E3D08458D4B7EB1C9 /* MEExperimental.h */ = {isa = PBXFileReference; fileEncoding = 4; lastKnownFileType = sourcecode.c.h; path = MEExperimental.h; sourceTree = "<group>"; };
		374604E3E352194906AB8A69 /* MEExperimental.m */ = {isa = PBXFileReference; fileEncoding = 4; lastKnownFileType = sourcecode.c.objc; path = MEExperimental.m; sourceTree = "<group>"; };
		37460521AE06A500186FD321 /* MERequestTools.h */ = {isa = PBXFileReference; fileEncoding = 4; lastKnownFileType = sourcecode.c.h; path = MERequestTools.h; sourceTree = "<group>"; };
		374606679A509711A7AAF52E /* MEDefaultHeaders.h */ = {isa = PBXFileReference; fileEncoding = 4; lastKnownFileType = sourcecode.c.h; path = MEDefaultHeaders.h; sourceTree = "<group>"; };
		3746066D8943E2027FFF3F42 /* MEFlipperFeatures.h */ = {isa = PBXFileReference; fileEncoding = 4; lastKnownFileType = sourcecode.c.h; path = MEFlipperFeatures.h; sourceTree = "<group>"; };
		374606A1F7759D050D7FD2BA /* MEDefaultHeaders.m */ = {isa = PBXFileReference; fileEncoding = 4; lastKnownFileType = sourcecode.c.objc; path = MEDefaultHeaders.m; sourceTree = "<group>"; };
		374606C19F7396FF90BF0546 /* NSData+MobileEngine.h */ = {isa = PBXFileReference; fileEncoding = 4; lastKnownFileType = sourcecode.c.h; path = "NSData+MobileEngine.h"; sourceTree = "<group>"; };
		374606DCC16B33077DAC2715 /* MENotificationInboxStatus.m */ = {isa = PBXFileReference; fileEncoding = 4; lastKnownFileType = sourcecode.c.objc; path = MENotificationInboxStatus.m; sourceTree = "<group>"; };
		374607020545120DFD251B3A /* MERequestModelRepositoryFactory.h */ = {isa = PBXFileReference; fileEncoding = 4; lastKnownFileType = sourcecode.c.h; path = MERequestModelRepositoryFactory.h; sourceTree = "<group>"; };
		3746074B9FA6B1E3D03E0F05 /* MEAppLoginParameters.h */ = {isa = PBXFileReference; fileEncoding = 4; lastKnownFileType = sourcecode.c.h; path = MEAppLoginParameters.h; sourceTree = "<group>"; };
		3746079DD43804C497AF4434 /* MERequestTools.m */ = {isa = PBXFileReference; fileEncoding = 4; lastKnownFileType = sourcecode.c.objc; path = MERequestTools.m; sourceTree = "<group>"; };
		374607BD184EAB0D01365A5F /* MENotificationCenterManager.h */ = {isa = PBXFileReference; fileEncoding = 4; lastKnownFileType = sourcecode.c.h; path = MENotificationCenterManager.h; sourceTree = "<group>"; };
		374607DB302A1C9B233EE5A1 /* MEIAMResponseHandler.h */ = {isa = PBXFileReference; fileEncoding = 4; lastKnownFileType = sourcecode.c.h; path = MEIAMResponseHandler.h; sourceTree = "<group>"; };
		374607FC290CD9625C926232 /* MENotificationCenterManager.m */ = {isa = PBXFileReference; fileEncoding = 4; lastKnownFileType = sourcecode.c.objc; path = MENotificationCenterManager.m; sourceTree = "<group>"; };
		374608614446AE7C297D74F3 /* MERequestMatcher.m */ = {isa = PBXFileReference; fileEncoding = 4; lastKnownFileType = sourcecode.c.objc; path = MERequestMatcher.m; sourceTree = "<group>"; };
		3746092C01D87F5FEA579CA7 /* MEIdResponseHandler.m */ = {isa = PBXFileReference; fileEncoding = 4; lastKnownFileType = sourcecode.c.objc; path = MEIdResponseHandler.m; sourceTree = "<group>"; };
		3746094A69CB6880DADC463D /* MESchemaDelegate.h */ = {isa = PBXFileReference; fileEncoding = 4; lastKnownFileType = sourcecode.c.h; path = MESchemaDelegate.h; sourceTree = "<group>"; };
		3746096010FC1204804C68DB /* MEInAppMessage.h */ = {isa = PBXFileReference; fileEncoding = 4; lastKnownFileType = sourcecode.c.h; path = MEInAppMessage.h; sourceTree = "<group>"; };
		3746097A272AA451E4552CC0 /* MERequestModelRepositoryFactory.m */ = {isa = PBXFileReference; fileEncoding = 4; lastKnownFileType = sourcecode.c.objc; path = MERequestModelRepositoryFactory.m; sourceTree = "<group>"; };
		37460A1A84F228F63F981944 /* MEIAMCleanupResponseHandler.h */ = {isa = PBXFileReference; fileEncoding = 4; lastKnownFileType = sourcecode.c.h; path = MEIAMCleanupResponseHandler.h; sourceTree = "<group>"; };
		37460A7C6604381BE785DFBD /* MERequestMatcher.h */ = {isa = PBXFileReference; fileEncoding = 4; lastKnownFileType = sourcecode.c.h; path = MERequestMatcher.h; sourceTree = "<group>"; };
		37460A987A7E73365F25A559 /* NSData+MobileEngine.m */ = {isa = PBXFileReference; fileEncoding = 4; lastKnownFileType = sourcecode.c.objc; path = "NSData+MobileEngine.m"; sourceTree = "<group>"; };
		37460B2E4883A424C828A86E /* AbstractResponseHandler.h */ = {isa = PBXFileReference; fileEncoding = 4; lastKnownFileType = sourcecode.c.h; path = AbstractResponseHandler.h; sourceTree = "<group>"; };
		37460B8629DB768976F22C46 /* MESchemaDelegate.m */ = {isa = PBXFileReference; fileEncoding = 4; lastKnownFileType = sourcecode.c.objc; path = MESchemaDelegate.m; sourceTree = "<group>"; };
		37460CE4CE4D9C8B3E807863 /* MEOsVersionUtils.h */ = {isa = PBXFileReference; fileEncoding = 4; lastKnownFileType = sourcecode.c.h; path = MEOsVersionUtils.h; sourceTree = "<group>"; };
		37460D27191E887732637BF5 /* MEIAMResponseHandler.m */ = {isa = PBXFileReference; fileEncoding = 4; lastKnownFileType = sourcecode.c.objc; path = MEIAMResponseHandler.m; sourceTree = "<group>"; };
		37460DB8C2DE5DC85E245CAF /* MEInboxParser.m */ = {isa = PBXFileReference; fileEncoding = 4; lastKnownFileType = sourcecode.c.objc; path = MEInboxParser.m; sourceTree = "<group>"; };
		37460E12B3DD884B04FE9218 /* MENotificationInboxStatus.h */ = {isa = PBXFileReference; fileEncoding = 4; lastKnownFileType = sourcecode.c.h; path = MENotificationInboxStatus.h; sourceTree = "<group>"; };
		37460E9CDD5A9F2C2AF20894 /* MEInAppTrackingProtocol.h */ = {isa = PBXFileReference; fileEncoding = 4; lastKnownFileType = sourcecode.c.h; path = MEInAppTrackingProtocol.h; sourceTree = "<group>"; };
		37460EA3311E9482B6DB9C81 /* MEInAppMessage.m */ = {isa = PBXFileReference; fileEncoding = 4; lastKnownFileType = sourcecode.c.objc; path = MEInAppMessage.m; sourceTree = "<group>"; };
		37460EBC71A98B939E0E6817 /* MEIdResponseHandler.h */ = {isa = PBXFileReference; fileEncoding = 4; lastKnownFileType = sourcecode.c.h; path = MEIdResponseHandler.h; sourceTree = "<group>"; };
		8A4BD79F1EE192FF0056486D /* libsqlite3.tbd */ = {isa = PBXFileReference; lastKnownFileType = "sourcecode.text-based-dylib-definition"; name = libsqlite3.tbd; path = usr/lib/libsqlite3.tbd; sourceTree = SDKROOT; };
		E65587B6E86F82209C3026CE /* MEInboxV2.h */ = {isa = PBXFileReference; fileEncoding = 4; lastKnownFileType = sourcecode.c.h; path = MEInboxV2.h; sourceTree = "<group>"; };
		E6558ACDAFAE46D238CFA2DF /* MEInboxProtocol.h */ = {isa = PBXFileReference; fileEncoding = 4; lastKnownFileType = sourcecode.c.h; path = MEInboxProtocol.h; sourceTree = "<group>"; };
		E6558EE1E4F554A6B261D02F /* MEInboxV2.m */ = {isa = PBXFileReference; fileEncoding = 4; lastKnownFileType = sourcecode.c.objc; path = MEInboxV2.m; sourceTree = "<group>"; };
		FABAAF0921F88C760000F384 /* CoreSDK.framework */ = {isa = PBXFileReference; lastKnownFileType = wrapper.framework; name = CoreSDK.framework; path = Carthage/Build/iOS/CoreSDK.framework; sourceTree = "<group>"; };
		FABAAF0B21F88C770000F384 /* MobileEngageSDK.framework */ = {isa = PBXFileReference; explicitFileType = wrapper.framework; includeInIndex = 0; path = MobileEngageSDK.framework; sourceTree = BUILT_PRODUCTS_DIR; };
		FABAAF0C21F88C7B0000F384 /* MobileEngageSDK.framework */ = {isa = PBXFileReference; lastKnownFileType = wrapper.framework; name = MobileEngageSDK.framework; path = "../../Library/Developer/Xcode/DerivedData/MobileEngageSDK-bluzyuljyqjbcjflqpxwpblbadyk/Build/Products/Debug-iphonesimulator/MobileEngageSDK.framework"; sourceTree = "<group>"; };
		FABAAF2921F893AA0000F384 /* MobileEngageSDK.h */ = {isa = PBXFileReference; fileEncoding = 4; lastKnownFileType = sourcecode.c.h; path = MobileEngageSDK.h; sourceTree = "<group>"; };
		FABAAF3721F8A6D70000F384 /* MobileEngageRichExtension.framework */ = {isa = PBXFileReference; explicitFileType = wrapper.framework; includeInIndex = 0; path = MobileEngageRichExtension.framework; sourceTree = BUILT_PRODUCTS_DIR; };
		FABAAF3921F8A6D70000F384 /* MobileEngageRichExtension.h */ = {isa = PBXFileReference; lastKnownFileType = sourcecode.c.h; path = MobileEngageRichExtension.h; sourceTree = "<group>"; };
		FABAAF3A21F8A6D70000F384 /* Info.plist */ = {isa = PBXFileReference; lastKnownFileType = text.plist.xml; path = Info.plist; sourceTree = "<group>"; };
/* End PBXFileReference section */

/* Begin PBXFrameworksBuildPhase section */
		32C6F32B68AAAF0659C14E37 /* Frameworks */ = {
			isa = PBXFrameworksBuildPhase;
			buildActionMask = 2147483647;
			files = (
				FABAAF0A21F88C770000F384 /* CoreSDK.framework in Frameworks */,
				8AAFD65E1EE196C700ACEB52 /* libsqlite3.tbd in Frameworks */,
			);
			runOnlyForDeploymentPostprocessing = 0;
		};
		FABAAF3421F8A6D70000F384 /* Frameworks */ = {
			isa = PBXFrameworksBuildPhase;
			buildActionMask = 2147483647;
			files = (
				FA65208621F8AAF000F28CD6 /* CoreSDK.framework in Frameworks */,
			);
			runOnlyForDeploymentPostprocessing = 0;
		};
/* End PBXFrameworksBuildPhase section */

/* Begin PBXGroup section */
		1689A60C20A5D19600E5D91F /* RichNotification */ = {
			isa = PBXGroup;
			children = (
				1689A60D20A5D19600E5D91F /* MEUserNotificationDelegate.h */,
				1689A60E20A5D19600E5D91F /* MEUserNotificationDelegate.m */,
				32C6F6C3F084722A0E74DE12 /* MEUserNotificationCenterDelegate.h */,
			);
			path = RichNotification;
			sourceTree = "<group>";
		};
		1751A715D0CE68D830F78796 /* Frameworks */ = {
			isa = PBXGroup;
			children = (
				FABAAF0C21F88C7B0000F384 /* MobileEngageSDK.framework */,
				FABAAF0921F88C760000F384 /* CoreSDK.framework */,
				8A4BD79F1EE192FF0056486D /* libsqlite3.tbd */,
			);
			name = Frameworks;
			sourceTree = "<group>";
		};
		32C6F1B9F288409B97AD4CC0 /* JSCommands */ = {
			isa = PBXGroup;
			children = (
				32C6FD5134834458FE22A792 /* MEIAMJSCommandProtocol.h */,
				32C6F3D371E49D815D949BFA /* MEIAMJSCommandFactory.m */,
				32C6FF8415B90121DB6701D8 /* MEIAMJSCommandFactory.h */,
				32C6F00FFF707C5A5F62FDED /* MEIAMRequestPushPermission.m */,
				32C6F8536ADC913D4B8E671A /* MEIAMRequestPushPermission.h */,
				32C6F90CA94FE2E1C48F23FF /* MEIAMOpenExternalLink.m */,
				32C6F7E0D58A00BDB8F7FEAE /* MEIAMOpenExternalLink.h */,
				32C6FFE02855F6FA4DCFF55D /* MEIAMClose.m */,
				32C6F10687A5F87AF3CDF1F3 /* MEIAMClose.h */,
				32C6F0E89AACE3F57B3C321C /* MEIAMTriggerAppEvent.h */,
				32C6FB41E419305BED20F489 /* MEIAMTriggerAppEvent.m */,
				32C6F3AF5B48C9665150410F /* MEIAMButtonClicked.h */,
				32C6FFEF2BED88E65A98E1CF /* MEIAMButtonClicked.m */,
				32C6F4A33D32AD63DBCF2C46 /* MEIAMCommandResultUtils.m */,
				32C6F4B23F907ACA4EB5FA48 /* MEIAMCommandResultUtils.h */,
				32C6F26A1AE81A9EF86ACF2D /* MEIAMTriggerMEEvent.m */,
				32C6F84CD0DF18BD17C99EEE /* MEIAMTriggerMEEvent.h */,
			);
			path = JSCommands;
			sourceTree = "<group>";
		};
		32C6F3E19D4D7CE95387F0CF /* IAM */ = {
			isa = PBXGroup;
			children = (
				32C6FE8A34E6E3DECFC98060 /* MEJSBridge.m */,
				32C6F76EE73D949B25B611E5 /* MEJSBridge.h */,
				32C6F8EE0B6EC22B4D578998 /* MEInApp.m */,
				32C6F921A695F1A854880600 /* MEInApp.h */,
				32C6F4ECB33867A9A7354FA1 /* MEInApp+Private.h */,
				32C6F1B9F288409B97AD4CC0 /* JSCommands */,
				32C6F9EA7CC926D6ADBBDBAC /* UI */,
				32C6FEC1EA29C5F2302CB41B /* MEIAMProtocol.h */,
				32C6F0AE4DC9A27CE49FA06C /* MEEventHandler.h */,
				3746096010FC1204804C68DB /* MEInAppMessage.h */,
				37460EA3311E9482B6DB9C81 /* MEInAppMessage.m */,
				37460E9CDD5A9F2C2AF20894 /* MEInAppTrackingProtocol.h */,
			);
			path = IAM;
			sourceTree = "<group>";
		};
		32C6F7A21B68BA819BB6EDCD /* MobileEngage */ = {
			isa = PBXGroup;
			children = (
				1689A60C20A5D19600E5D91F /* RichNotification */,
				32C6FB15634CAA89F68990D1 /* MEConfigBuilder.h */,
				32C6F22AD8B05632EFE8F29D /* MEConfig.h */,
				32C6FE11C048D1D103C6B120 /* MEConfig.m */,
				32C6F0CED986657DA32E7525 /* MEConfigBuilder.m */,
				32C6F9F7C741052373E946A2 /* MobileEngage.h */,
				32C6F347F1A25755538F5591 /* MobileEngageStatusDelegate.h */,
				32C6F0F5EAFCCF8DD8BEDE99 /* MobileEngage.m */,
				32C6FB1ABA70C84E60D9C2B0 /* NSDictionary+MobileEngage.m */,
				32C6F901EAA453C0FE99E056 /* NSDictionary+MobileEngage.h */,
				32C6F8DAD8E109756D0A6B68 /* MobileEngageInternal.h */,
				32C6FA6991F882C8197DE493 /* MobileEngageVersion.h */,
				37460064180D9AE6386F4D91 /* MEAppLoginParameters.m */,
				3746074B9FA6B1E3D03E0F05 /* MEAppLoginParameters.h */,
				37460A987A7E73365F25A559 /* NSData+MobileEngine.m */,
				374606C19F7396FF90BF0546 /* NSData+MobileEngine.h */,
				32C6FD79AB75711E8A5390BC /* Inbox */,
				32C6FD2EFE9837543F58C1F0 /* RichNotificationExtension */,
				32C6F7F2639D4CE7D8F85072 /* MobileEngage+Private.h */,
				32C6F49D913F9F20EDD5331E /* MobileEngageInternal.m */,
				37460F4BC09D2FDE3CBE1828 /* Flipper */,
				32C6F3E19D4D7CE95387F0CF /* IAM */,
				37460299997ACB950FF86D76 /* ResponseHandlers */,
				37460CE4CE4D9C8B3E807863 /* MEOsVersionUtils.h */,
				37460050FF2BD1F6AF5D44AD /* Storage */,
				374605D6B653418B8C4E1D66 /* RequestTools */,
				374607FC290CD9625C926232 /* MENotificationCenterManager.m */,
				374607BD184EAB0D01365A5F /* MENotificationCenterManager.h */,
				32C6FCB44AE5CCB3A8E9B1F0 /* Log */,
			);
			path = MobileEngage;
			sourceTree = "<group>";
		};
		32C6F81B7E30889957A4E0A2 = {
			isa = PBXGroup;
			children = (
				FABAAF2B21F893BA0000F384 /* MobileEngageSDK */,
				FABAAF3821F8A6D70000F384 /* MobileEngageRichExtension */,
				32C6F7A21B68BA819BB6EDCD /* MobileEngage */,
				1751A715D0CE68D830F78796 /* Frameworks */,
				FABAAF0B21F88C770000F384 /* MobileEngageSDK.framework */,
				FABAAF3721F8A6D70000F384 /* MobileEngageRichExtension.framework */,
			);
			sourceTree = "<group>";
		};
		32C6F9EA7CC926D6ADBBDBAC /* UI */ = {
			isa = PBXGroup;
			children = (
				32C6FCCD33A9BBF6346D8341 /* MEIAMViewController.h */,
				32C6FA8EEE0782675EA8D0A6 /* MEIAMViewController.m */,
			);
			path = UI;
			sourceTree = "<group>";
		};
		32C6FA7013AE2DB1DC86D558 /* ButtonClick */ = {
			isa = PBXGroup;
			children = (
				32C6FA13BE5B70383D0254FF /* MEButtonClick.h */,
				32C6F8B1FF64F2826D1B8F7E /* MEButtonClick.m */,
				32C6F101FEB4BA2BDDF0F7F6 /* MEButtonClickMapper.h */,
				32C6FD84EBD32BA42F184C29 /* MEButtonClickMapper.m */,
				32C6FED2DDBCB5B94E54E9BE /* MEButtonClickContract.h */,
				32C6FC8ECC1C42B192A88B57 /* MEButtonClickFilterNoneSpecification.h */,
				32C6F1B014E02B19CF98027D /* MEButtonClickFilterNoneSpecification.m */,
				32C6FD2E947184BE9657A4DD /* MEButtonClickRepository.h */,
				32C6F21877B31FBCAD8E6185 /* MEButtonClickRepository.m */,
				32C6FAC86542F14D460A8C9B /* MEButtonClickFilterByCampaignIdSpecification.h */,
				32C6F7DF0EE16F05A825D00D /* MEButtonClickFilterByCampaignIdSpecification.m */,
				32C6F254311B066EA5E9DBAB /* MEButtonClickRepository+Private.h */,
			);
			path = ButtonClick;
			sourceTree = "<group>";
		};
		32C6FAFB1F099D767DF5CCC8 /* Handlers */ = {
			isa = PBXGroup;
			children = (
				32C6F1837D09A84D8E88D5AB /* MEIAMMetricsLogHandler.m */,
				32C6F80BB0BF741BD5266118 /* MEIAMMetricsLogHandler.h */,
			);
			path = Handlers;
			sourceTree = "<group>";
		};
		32C6FC8C137B2C88540013AD /* DisplayedIAM */ = {
			isa = PBXGroup;
			children = (
				32C6F61DB8AB1774408344F6 /* MEDisplayedIAM.m */,
				32C6F90E5D37B430F2A64BA9 /* MEDisplayedIAMFilterByCampaignIdSpecification.h */,
				32C6FB9EBFEF8BDFD4BF51CF /* MEDisplayedIAMFilterByCampaignIdSpecification.m */,
				32C6F7F0AA7CFD8DBC0A1DC1 /* MEDisplayedIAMFilterNoneSpecification.h */,
				32C6F1D3BEC7DFFE2FADD1F7 /* MEDisplayedIAMMapper.h */,
				32C6F295F8BD32E1A130E5AC /* MEDisplayedIAMRepository.h */,
				32C6FDC043434C1F30EC7F5E /* MEDisplayedIAMContract.h */,
				32C6F3A6CBB6E0E8683EC3C4 /* MEDisplayedIAMRepository.m */,
				32C6F4733EC1DECF7DF66B67 /* MEDisplayedIAMFilterNoneSpecification.m */,
				32C6F1B3885F21F0F4848205 /* MEDisplayedIAMMapper.m */,
				32C6FEC834075728BC56C919 /* MEDisplayedIAM.h */,
			);
			path = DisplayedIAM;
			sourceTree = "<group>";
		};
		32C6FCB44AE5CCB3A8E9B1F0 /* Log */ = {
			isa = PBXGroup;
			children = (
				32C6FE51154F4C1E36D18A44 /* MELogRepositoryProxy.m */,
				32C6FE9889F6A36EBE36E6E6 /* MELogRepositoryProxy.h */,
				32C6FAFB1F099D767DF5CCC8 /* Handlers */,
			);
			path = Log;
			sourceTree = "<group>";
		};
		32C6FD2EFE9837543F58C1F0 /* RichNotificationExtension */ = {
			isa = PBXGroup;
			children = (
				32C6F722D778C7D3C06A56C7 /* MENotificationService.m */,
				32C6F521956A81704A001885 /* MENotificationService.h */,
				32C6F507C56E0E848F8A39EB /* MENotificationService+Actions.m */,
				32C6FAD1D5A57946AA3FD8D2 /* MENotificationService+Actions.h */,
				32C6FD9F2C6252C129FB6A99 /* MENotificationService+PushToInApp.m */,
				32C6F02AE6EF360D684F1079 /* MENotificationService+PushToInApp.h */,
				32C6F32993464BC23A2BB392 /* MENotificationService+Attachment.m */,
				32C6F72B02B208784AC046BC /* MENotificationService+Attachment.h */,
				32C6F808C69DC36C35C318C9 /* MEDownloader.m */,
				32C6FCFF00FA47DE97BE96EA /* MEDownloader.h */,
			);
			path = RichNotificationExtension;
			sourceTree = "<group>";
		};
		32C6FD79AB75711E8A5390BC /* Inbox */ = {
			isa = PBXGroup;
			children = (
				32C6FA2A7418AC9AED782AEC /* MEInbox.h */,
				32C6F647028661A86258F4C7 /* MENotification.m */,
				32C6F1045F8F067FAC344C7F /* MENotification.h */,
				37460DB8C2DE5DC85E245CAF /* MEInboxParser.m */,
				3746044F59EDC9970D9A6D24 /* MEInboxParser.h */,
				374606DCC16B33077DAC2715 /* MENotificationInboxStatus.m */,
				37460E12B3DD884B04FE9218 /* MENotificationInboxStatus.h */,
				3746016139C5A75BC00CF6F2 /* MEInbox.m */,
				3746037DBB3D2CF1327E9CFF /* MEInboxNotificationProtocol.h */,
				E6558ACDAFAE46D238CFA2DF /* MEInboxProtocol.h */,
				E6558EE1E4F554A6B261D02F /* MEInboxV2.m */,
				E65587B6E86F82209C3026CE /* MEInboxV2.h */,
			);
			path = Inbox;
			sourceTree = "<group>";
		};
		37460050FF2BD1F6AF5D44AD /* Storage */ = {
			isa = PBXGroup;
			children = (
				37460B8629DB768976F22C46 /* MESchemaDelegate.m */,
				3746094A69CB6880DADC463D /* MESchemaDelegate.h */,
				37460DDACF5E8D1CB764FD44 /* IAM */,
				32C6FFC57DD9754C55027A8B /* MERequestRepositoryProxy.m */,
				32C6FE8D316E447082C46F2E /* MERequestRepositoryProxy.h */,
				32C6F3432166DDF94429FA90 /* MERequestModelSelectEventsSpecification.m */,
				32C6F2B8236EECA673E630CD /* MERequestModelSelectEventsSpecification.h */,
				3746079DD43804C497AF4434 /* MERequestTools.m */,
				37460521AE06A500186FD321 /* MERequestTools.h */,
				3746097A272AA451E4552CC0 /* MERequestModelRepositoryFactory.m */,
				374607020545120DFD251B3A /* MERequestModelRepositoryFactory.h */,
				32C6F84DE1DD1E23527A07C4 /* MELogRepository.m */,
				32C6F31FBEB1B7374C53C8F8 /* MELogRepository.h */,
			);
			path = Storage;
			sourceTree = "<group>";
		};
		37460299997ACB950FF86D76 /* ResponseHandlers */ = {
			isa = PBXGroup;
			children = (
				3746033EE7A4F10260679059 /* AbstractResponseHandler.m */,
				37460B2E4883A424C828A86E /* AbstractResponseHandler.h */,
				3746092C01D87F5FEA579CA7 /* MEIdResponseHandler.m */,
				37460EBC71A98B939E0E6817 /* MEIdResponseHandler.h */,
				37460BB9FCE7A69EED500650 /* InappMessage */,
			);
			path = ResponseHandlers;
			sourceTree = "<group>";
		};
		374605D6B653418B8C4E1D66 /* RequestTools */ = {
			isa = PBXGroup;
			children = (
				374606A1F7759D050D7FD2BA /* MEDefaultHeaders.m */,
				374606679A509711A7AAF52E /* MEDefaultHeaders.h */,
				32C6F595ECA8ADEB32C2A088 /* MERequestContext.m */,
				32C6F90EC00FC385F9869441 /* MERequestContext.h */,
				32C6FDD4DA2BF6226CA9F854 /* MERequestFactory.m */,
				32C6F8B20D14C6C845ECDB2A /* MERequestFactory.h */,
				374608614446AE7C297D74F3 /* MERequestMatcher.m */,
				37460A7C6604381BE785DFBD /* MERequestMatcher.h */,
			);
			path = RequestTools;
			sourceTree = "<group>";
		};
		37460BB9FCE7A69EED500650 /* InappMessage */ = {
			isa = PBXGroup;
			children = (
				374607DB302A1C9B233EE5A1 /* MEIAMResponseHandler.h */,
				37460D27191E887732637BF5 /* MEIAMResponseHandler.m */,
				374603A882D161B9462DD51B /* MEIAMCleanupResponseHandler.m */,
				37460A1A84F228F63F981944 /* MEIAMCleanupResponseHandler.h */,
			);
			path = InappMessage;
			sourceTree = "<group>";
		};
		37460DDACF5E8D1CB764FD44 /* IAM */ = {
			isa = PBXGroup;
			children = (
				32C6FA7013AE2DB1DC86D558 /* ButtonClick */,
				32C6FC8C137B2C88540013AD /* DisplayedIAM */,
			);
			path = IAM;
			sourceTree = "<group>";
		};
		37460F4BC09D2FDE3CBE1828 /* Flipper */ = {
			isa = PBXGroup;
			children = (
				374604E3E352194906AB8A69 /* MEExperimental.m */,
				3746047E3D08458D4B7EB1C9 /* MEExperimental.h */,
				3746066D8943E2027FFF3F42 /* MEFlipperFeatures.h */,
			);
			path = Flipper;
			sourceTree = "<group>";
		};
		FABAAF2B21F893BA0000F384 /* MobileEngageSDK */ = {
			isa = PBXGroup;
			children = (
				FABAAF2921F893AA0000F384 /* MobileEngageSDK.h */,
				32C6F75C6B275FB5F0669AF0 /* Info.plist */,
			);
			path = MobileEngageSDK;
			sourceTree = "<group>";
		};
		FABAAF3821F8A6D70000F384 /* MobileEngageRichExtension */ = {
			isa = PBXGroup;
			children = (
				FABAAF3921F8A6D70000F384 /* MobileEngageRichExtension.h */,
				FABAAF3A21F8A6D70000F384 /* Info.plist */,
			);
			path = MobileEngageRichExtension;
			sourceTree = "<group>";
		};
/* End PBXGroup section */

/* Begin PBXHeadersBuildPhase section */
		32C6F195EF51CA8006ACC49B /* Headers */ = {
			isa = PBXHeadersBuildPhase;
			buildActionMask = 2147483647;
			files = (
				FABAAF2A21F893AA0000F384 /* MobileEngageSDK.h in Headers */,
				32C6FCF5DE2B130DCD04794A /* MEConfigBuilder.h in Headers */,
				32C6F81E4196B011AFB51586 /* MEConfig.h in Headers */,
				32C6FF342FC2C54422C8657C /* MobileEngage.h in Headers */,
				32C6F9742BC7CC58427DA191 /* MobileEngageStatusDelegate.h in Headers */,
				32C6FD0B7F3B7647DA9C43EC /* NSDictionary+MobileEngage.h in Headers */,
				32C6F32039F275C4AD6C9FFC /* MobileEngageInternal.h in Headers */,
				32C6FF6CA695A73EA009E40A /* MobileEngageVersion.h in Headers */,
				37460D8A9337F9B6ABBA014F /* MEAppLoginParameters.h in Headers */,
				37460EC794D9BE7A0577B4BB /* NSData+MobileEngine.h in Headers */,
				32C6FD7EEB7E3941D941080F /* MEInbox.h in Headers */,
				32C6F6BB6ABB424822AF34B0 /* MENotification.h in Headers */,
				374600E1F7E23A2E0B9D9F45 /* MEInboxParser.h in Headers */,
				374601D32A5F62AFF997EA8F /* MENotificationInboxStatus.h in Headers */,
				3746088660518C142947BE84 /* MEInboxNotificationProtocol.h in Headers */,
				32C6F1C0D49F4C09E130DA2C /* MobileEngage+Private.h in Headers */,
				37460DAA866D60EE0D0787DD /* MEExperimental.h in Headers */,
				374602A91DE92918C157DDB6 /* MEFlipperFeatures.h in Headers */,
				3746009B84DC571D5D5F2CA7 /* AbstractResponseHandler.h in Headers */,
				374607DBF8CB52FD015B63B5 /* MEIdResponseHandler.h in Headers */,
				FABAAF2C21F894540000F384 /* MEInApp.h in Headers */,
				374608F21CE1AC7E14573F2C /* MEIAMViewController.h in Headers */,
				37460FD58D2F210F1B6E3A2E /* MEIAMJSCommandProtocol.h in Headers */,
				37460D076CB32085C1C00B2F /* MEIAMOpenExternalLink.h in Headers */,
				374608431822FD12AF1F4B5B /* MEIAMRequestPushPermission.h in Headers */,
				37460E1132932DC93D2D6A60 /* MEIAMJSCommandFactory.h in Headers */,
				32C6F870C24C426EDEB306AA /* MEIAMProtocol.h in Headers */,
				32C6FFA3B63FF31166A5E73F /* MEIAMClose.h in Headers */,
				37460FAEE554D06BC0F7EDE7 /* MEOsVersionUtils.h in Headers */,
				32C6FA6069A94209785AD7D0 /* MEIAMTriggerAppEvent.h in Headers */,
				32C6F4B2232DC52583DED63D /* MEEventHandler.h in Headers */,
				37460A62F83EEBC27D4EEC21 /* MESchemaDelegate.h in Headers */,
				374600E9C60A2E8304DB10AE /* MEInAppMessage.h in Headers */,
				32C6F0720F18015EC4510B82 /* MEButtonClick.h in Headers */,
				32C6FC46F37A8FADE546F0B7 /* MEButtonClickMapper.h in Headers */,
				32C6FA42DF495D997FA39FA1 /* MEButtonClickContract.h in Headers */,
				32C6F9A1E8D520AE3A5F1B07 /* MEButtonClickFilterNoneSpecification.h in Headers */,
				32C6F763BFF82544CA5C7783 /* MEButtonClickRepository.h in Headers */,
				32C6FE34C57C84B634006723 /* MEButtonClickFilterByCampaignIdSpecification.h in Headers */,
				32C6F0AA4E4F27544CA61B59 /* MEIAMButtonClicked.h in Headers */,
				32C6F277582ECC598A15EE39 /* MEButtonClickRepository+Private.h in Headers */,
				32C6F4BC994065F6407ED61D /* MERequestRepositoryProxy.h in Headers */,
				32C6FE0B7C2D1F2CA3C9C3B8 /* MEDisplayedIAMFilterByCampaignIdSpecification.h in Headers */,
				32C6F40D32E54F5C608EBB0C /* MEDisplayedIAMFilterNoneSpecification.h in Headers */,
				32C6F7B405A85C9E2DCE4CAA /* MEDisplayedIAMMapper.h in Headers */,
				32C6FB50BD6632C33C148F33 /* MEDisplayedIAMRepository.h in Headers */,
				32C6F9841A6A350BFC55D1E5 /* MEDisplayedIAMContract.h in Headers */,
				32C6F9E3E2E23192E5EDD4BF /* MEDisplayedIAM.h in Headers */,
				32C6F8AD10349461D16FCAC3 /* MERequestModelSelectEventsSpecification.h in Headers */,
				37460ADCC827746D2810FE5E /* MERequestTools.h in Headers */,
				37460FF61699213058A2187D /* MEIAMResponseHandler.h in Headers */,
				37460D84CBC8150F27E2EA4B /* MEIAMCleanupResponseHandler.h in Headers */,
				1689A60F20A5D19700E5D91F /* MEUserNotificationDelegate.h in Headers */,
				32C6F83EAE6C35FF7C05D079 /* MEIAMCommandResultUtils.h in Headers */,
				374607D89E8F3F987002E856 /* MEDefaultHeaders.h in Headers */,
				37460E02219D49D98AA07133 /* MENotificationCenterManager.h in Headers */,
				3746038D76CEA08597C0FDAE /* MEInAppTrackingProtocol.h in Headers */,
				32C6FA1A69C1C3E7CDE4835E /* MERequestContext.h in Headers */,
				32C6F686F3D17CA8DBF5EAB4 /* MERequestFactory.h in Headers */,
				32C6FE71EEE7EF09C4B7DAC8 /* MEIAMTriggerMEEvent.h in Headers */,
				374603F787CFD3E672E57678 /* MERequestModelRepositoryFactory.h in Headers */,
				32C6F432F6CCE9E8CFDADA43 /* MELogRepository.h in Headers */,
				32C6FB970F5D23A6C5EF0B43 /* MELogRepositoryProxy.h in Headers */,
				32C6FB1545463C18D163CF48 /* MEIAMMetricsLogHandler.h in Headers */,
				E65583D86E7FC18442B142D0 /* MEInboxProtocol.h in Headers */,
				E65585B14C364FCFCF8D438B /* MEInboxV2.h in Headers */,
				37460EF86805BA5858932253 /* MERequestMatcher.h in Headers */,
				32C6FC7B66907E8E4242A9A3 /* MEUserNotificationCenterDelegate.h in Headers */,
			);
			runOnlyForDeploymentPostprocessing = 0;
		};
		FABAAF3221F8A6D70000F384 /* Headers */ = {
			isa = PBXHeadersBuildPhase;
			buildActionMask = 2147483647;
			files = (
				FA65207F21F8A94300F28CD6 /* MENotificationService+Actions.h in Headers */,
				FA65208321F8A94B00F28CD6 /* MENotificationService+Attachment.h in Headers */,
				FA65208121F8A94600F28CD6 /* MENotificationService+PushToInApp.h in Headers */,
				FA65208521F8A98D00F28CD6 /* MEDownloader.h in Headers */,
				FABAAF3B21F8A6D70000F384 /* MobileEngageRichExtension.h in Headers */,
				FA65207C21F8A91F00F28CD6 /* MENotificationService.h in Headers */,
			);
			runOnlyForDeploymentPostprocessing = 0;
		};
/* End PBXHeadersBuildPhase section */

/* Begin PBXNativeTarget section */
		32C6F20E7A6F515CE383A966 /* MobileEngageSDK */ = {
			isa = PBXNativeTarget;
			buildConfigurationList = 32C6F9D7A7E9B0205DB5522F /* Build configuration list for PBXNativeTarget "MobileEngageSDK" */;
			buildPhases = (
				32C6F9DFBC3FBB7D13386EEB /* Sources */,
				32C6F32B68AAAF0659C14E37 /* Frameworks */,
				32C6F195EF51CA8006ACC49B /* Headers */,
				32C6FD576C0FE675D0D1B0B5 /* Resources */,
				FABAAF0D21F88C8D0000F384 /* ShellScript */,
			);
			buildRules = (
			);
			dependencies = (
			);
			name = MobileEngageSDK;
			productName = MobileEngage;
			productReference = FABAAF0B21F88C770000F384 /* MobileEngageSDK.framework */;
			productType = "com.apple.product-type.framework";
		};
		FABAAF3621F8A6D70000F384 /* MobileEngageRichExtension */ = {
			isa = PBXNativeTarget;
			buildConfigurationList = FABAAF3C21F8A6D70000F384 /* Build configuration list for PBXNativeTarget "MobileEngageRichExtension" */;
			buildPhases = (
				FABAAF3221F8A6D70000F384 /* Headers */,
				FABAAF3321F8A6D70000F384 /* Sources */,
				FABAAF3421F8A6D70000F384 /* Frameworks */,
				FABAAF3521F8A6D70000F384 /* Resources */,
				FA65208721F8AAFF00F28CD6 /* ShellScript */,
			);
			buildRules = (
			);
			dependencies = (
			);
			name = MobileEngageRichExtension;
			productName = MobileEngageRichExtension;
			productReference = FABAAF3721F8A6D70000F384 /* MobileEngageRichExtension.framework */;
			productType = "com.apple.product-type.framework";
		};
/* End PBXNativeTarget section */

/* Begin PBXProject section */
		32C6FB81753C1A302A110975 /* Project object */ = {
			isa = PBXProject;
			attributes = {
				LastUpgradeCheck = 1010;
				ORGANIZATIONNAME = Emarsys;
				TargetAttributes = {
					32C6F20E7A6F515CE383A966 = {
						DevelopmentTeam = DK34MVSU63;
						ProvisioningStyle = Automatic;
					};
					FABAAF3621F8A6D70000F384 = {
						CreatedOnToolsVersion = 10.1;
						DevelopmentTeam = DK34MVSU63;
						ProvisioningStyle = Automatic;
					};
				};
			};
			buildConfigurationList = 32C6FD3AA9EA1AC27FAA2651 /* Build configuration list for PBXProject "MobileEngageSDK" */;
			compatibilityVersion = "Xcode 3.2";
			developmentRegion = English;
			hasScannedForEncodings = 0;
			knownRegions = (
				en,
				Base,
			);
			mainGroup = 32C6F81B7E30889957A4E0A2;
			productRefGroup = 32C6F81B7E30889957A4E0A2;
			projectDirPath = "";
			projectRoot = "";
			targets = (
				32C6F20E7A6F515CE383A966 /* MobileEngageSDK */,
				FABAAF3621F8A6D70000F384 /* MobileEngageRichExtension */,
			);
		};
/* End PBXProject section */

/* Begin PBXResourcesBuildPhase section */
		32C6FD576C0FE675D0D1B0B5 /* Resources */ = {
			isa = PBXResourcesBuildPhase;
			buildActionMask = 2147483647;
			files = (
			);
			runOnlyForDeploymentPostprocessing = 0;
		};
		FABAAF3521F8A6D70000F384 /* Resources */ = {
			isa = PBXResourcesBuildPhase;
			buildActionMask = 2147483647;
			files = (
			);
			runOnlyForDeploymentPostprocessing = 0;
		};
/* End PBXResourcesBuildPhase section */

/* Begin PBXShellScriptBuildPhase section */
		FA65208721F8AAFF00F28CD6 /* ShellScript */ = {
			isa = PBXShellScriptBuildPhase;
			buildActionMask = 2147483647;
			files = (
			);
			inputFileListPaths = (
			);
			inputPaths = (
				"$(SRCROOT)/Carthage/Build/iOS/CoreSDK.framework",
			);
			outputFileListPaths = (
			);
			outputPaths = (
				"$(BUILT_PRODUCTS_DIR)/$(FRAMEWORKS_FOLDER_PATH)/CoreSDK.framework",
			);
			runOnlyForDeploymentPostprocessing = 0;
			shellPath = /bin/sh;
			shellScript = "/usr/local/bin/carthage copy-frameworks\n";
		};
		FABAAF0D21F88C8D0000F384 /* ShellScript */ = {
			isa = PBXShellScriptBuildPhase;
			buildActionMask = 2147483647;
			files = (
			);
			inputFileListPaths = (
			);
			inputPaths = (
				"$(SRCROOT)/Carthage/Build/iOS/CoreSDK.framework",
			);
			outputFileListPaths = (
			);
			outputPaths = (
				"$(BUILT_PRODUCTS_DIR)/$(FRAMEWORKS_FOLDER_PATH)/CoreSDK.framework",
			);
			runOnlyForDeploymentPostprocessing = 0;
			shellPath = /bin/sh;
			shellScript = "/usr/local/bin/carthage copy-frameworks\n";
		};
/* End PBXShellScriptBuildPhase section */

/* Begin PBXSourcesBuildPhase section */
		32C6F9DFBC3FBB7D13386EEB /* Sources */ = {
			isa = PBXSourcesBuildPhase;
			buildActionMask = 2147483647;
			files = (
				32C6F4BFDB188B474E9CFF03 /* MEConfig.m in Sources */,
				32C6F55A9979DC26FD526D89 /* MEConfigBuilder.m in Sources */,
				32C6F791C414CB1E195DF7BF /* MobileEngage.m in Sources */,
				32C6FC9F53ECB121BF53EA03 /* NSDictionary+MobileEngage.m in Sources */,
				374602FFDFB3E8B95C8CA424 /* MEAppLoginParameters.m in Sources */,
				37460F8AB7A75315B302E899 /* NSData+MobileEngine.m in Sources */,
				32C6FE399116DE5778DA0E0D /* MENotification.m in Sources */,
				37460A79B9C8DBBFFBF4E29E /* MEInboxParser.m in Sources */,
				374608097EC048F89D113A3C /* MENotificationInboxStatus.m in Sources */,
				37460580C4F1D671CF020965 /* MEInbox.m in Sources */,
				32C6FC21EE1A04450F62F39A /* MobileEngageInternal.m in Sources */,
				3746030B5D8D6E214DDA5B9F /* MEExperimental.m in Sources */,
				37460849C29A18DDD1C0D2E6 /* MEJSBridge.m in Sources */,
				37460F3B516AF69532F04777 /* MEInApp.m in Sources */,
				37460147DC91EF20CCACC213 /* MEIAMViewController.m in Sources */,
				37460290C9A373929F9CA198 /* MEIAMRequestPushPermission.m in Sources */,
				37460BA6202F9827C47F7D94 /* MEIAMJSCommandFactory.m in Sources */,
				3746012652DCD1764DA2BE4A /* MEIAMOpenExternalLink.m in Sources */,
				374609C4541B2676E272E8D8 /* AbstractResponseHandler.m in Sources */,
				374600CAD66AB83711F37FCE /* MEIdResponseHandler.m in Sources */,
				32C6F336484626EE647FA8B8 /* MEIAMClose.m in Sources */,
				32C6FCB12CC606D1633CC14E /* MEIAMTriggerAppEvent.m in Sources */,
				37460854457B91BF422DDCF4 /* MESchemaDelegate.m in Sources */,
				37460F9E4A28779D9590E90C /* MEInAppMessage.m in Sources */,
				32C6F43B1FAF365197AD5B21 /* MEButtonClick.m in Sources */,
				32C6F27043420B861C2F399F /* MEButtonClickMapper.m in Sources */,
				32C6FDCFDBABF9F1D23592BD /* MEButtonClickFilterNoneSpecification.m in Sources */,
				32C6F8EA56EA65449AF6CE9C /* MEButtonClickRepository.m in Sources */,
				32C6F3AE5A5D9E0D73DC9157 /* MEButtonClickFilterByCampaignIdSpecification.m in Sources */,
				32C6FA5D1FCD9BC79644B6FE /* MEIAMButtonClicked.m in Sources */,
				32C6F3D342001B3C9F6AD5AF /* MERequestRepositoryProxy.m in Sources */,
				32C6FF8A481ABAE6D80E4809 /* MEDisplayedIAM.m in Sources */,
				32C6FE275A38792A53AA25C5 /* MEDisplayedIAMFilterByCampaignIdSpecification.m in Sources */,
				32C6F86BCE2719F7DE61196D /* MEDisplayedIAMRepository.m in Sources */,
				32C6FE87257687C2972710A8 /* MEDisplayedIAMFilterNoneSpecification.m in Sources */,
				32C6FAC3753390F7B4475485 /* MEDisplayedIAMMapper.m in Sources */,
				32C6FBEF5C55126F7FF0B07A /* MERequestModelSelectEventsSpecification.m in Sources */,
				37460C3AA467BA44AB325DE4 /* MERequestTools.m in Sources */,
				374602BA2ECBDD6DD87300C2 /* MEIAMResponseHandler.m in Sources */,
				37460C241F04C795E22EC611 /* MEIAMCleanupResponseHandler.m in Sources */,
				32C6F3FCAB532F7140DE8B9F /* MEIAMCommandResultUtils.m in Sources */,
				37460E5009C7A7B6EC690D77 /* MEDefaultHeaders.m in Sources */,
				1689A61020A5D19700E5D91F /* MEUserNotificationDelegate.m in Sources */,
				37460F7AB2AB78DB92837FF9 /* MENotificationCenterManager.m in Sources */,
				32C6FAEFAE0F5C92349FA513 /* MERequestContext.m in Sources */,
				32C6FA39386C4943A9D8F6B2 /* MERequestFactory.m in Sources */,
				32C6FDE8E8AC1858D72BC5A8 /* MEIAMTriggerMEEvent.m in Sources */,
				37460F947DFAD02273B98839 /* MERequestModelRepositoryFactory.m in Sources */,
				32C6FDA21145B1C645757DD8 /* MELogRepository.m in Sources */,
				32C6FF5192A9FCFB7429ABD9 /* MELogRepositoryProxy.m in Sources */,
				32C6F61A4B55546E0E0E7990 /* MEIAMMetricsLogHandler.m in Sources */,
				E6558DF4F3B90DC7FF5DA222 /* MEInboxV2.m in Sources */,
				37460116DF39091727C1532F /* MERequestMatcher.m in Sources */,
			);
			runOnlyForDeploymentPostprocessing = 0;
		};
		FABAAF3321F8A6D70000F384 /* Sources */ = {
			isa = PBXSourcesBuildPhase;
			buildActionMask = 2147483647;
			files = (
				FA65207E21F8A94000F28CD6 /* MENotificationService+Actions.m in Sources */,
				FA65207D21F8A93A00F28CD6 /* MENotificationService.m in Sources */,
				FA65208021F8A94500F28CD6 /* MENotificationService+PushToInApp.m in Sources */,
				FA65208221F8A94900F28CD6 /* MENotificationService+Attachment.m in Sources */,
				FA65208421F8A94D00F28CD6 /* MEDownloader.m in Sources */,
			);
			runOnlyForDeploymentPostprocessing = 0;
		};
/* End PBXSourcesBuildPhase section */

/* Begin XCBuildConfiguration section */
		32C6F1B420F1CB08C9867F54 /* Debug */ = {
			isa = XCBuildConfiguration;
			buildSettings = {
				ALWAYS_SEARCH_USER_PATHS = NO;
				CLANG_ANALYZER_NONNULL = YES;
				CLANG_CXX_LANGUAGE_STANDARD = "gnu++0x";
				CLANG_CXX_LIBRARY = "libc++";
				CLANG_ENABLE_MODULES = YES;
				CLANG_ENABLE_OBJC_ARC = YES;
				CLANG_WARN_BLOCK_CAPTURE_AUTORELEASING = YES;
				CLANG_WARN_BOOL_CONVERSION = YES;
				CLANG_WARN_COMMA = YES;
				CLANG_WARN_CONSTANT_CONVERSION = YES;
				CLANG_WARN_DEPRECATED_OBJC_IMPLEMENTATIONS = YES;
				CLANG_WARN_DIRECT_OBJC_ISA_USAGE = YES_ERROR;
				CLANG_WARN_DOCUMENTATION_COMMENTS = YES;
				CLANG_WARN_EMPTY_BODY = YES;
				CLANG_WARN_ENUM_CONVERSION = YES;
				CLANG_WARN_INFINITE_RECURSION = YES;
				CLANG_WARN_INT_CONVERSION = YES;
				CLANG_WARN_NON_LITERAL_NULL_CONVERSION = YES;
				CLANG_WARN_OBJC_IMPLICIT_RETAIN_SELF = YES;
				CLANG_WARN_OBJC_LITERAL_CONVERSION = YES;
				CLANG_WARN_OBJC_ROOT_CLASS = YES_ERROR;
				CLANG_WARN_RANGE_LOOP_ANALYSIS = YES;
				CLANG_WARN_STRICT_PROTOTYPES = YES;
				CLANG_WARN_SUSPICIOUS_MOVE = YES;
				CLANG_WARN_UNREACHABLE_CODE = YES;
				CLANG_WARN__DUPLICATE_METHOD_MATCH = YES;
				"CODE_SIGN_IDENTITY[sdk=iphoneos*]" = "iPhone Developer";
				COPY_PHASE_STRIP = NO;
				CURRENT_PROJECT_VERSION = 1;
				DEBUG_INFORMATION_FORMAT = dwarf;
				ENABLE_STRICT_OBJC_MSGSEND = YES;
				ENABLE_TESTABILITY = YES;
				GCC_C_LANGUAGE_STANDARD = gnu99;
				GCC_DYNAMIC_NO_PIC = NO;
				GCC_NO_COMMON_BLOCKS = YES;
				GCC_OPTIMIZATION_LEVEL = 0;
				GCC_PREPROCESSOR_DEFINITIONS = (
					"DEBUG=1",
					"$(inherited)",
				);
				GCC_WARN_64_TO_32_BIT_CONVERSION = YES;
				GCC_WARN_ABOUT_RETURN_TYPE = YES_ERROR;
				GCC_WARN_UNDECLARED_SELECTOR = YES;
				GCC_WARN_UNINITIALIZED_AUTOS = YES_AGGRESSIVE;
				GCC_WARN_UNUSED_FUNCTION = YES;
				GCC_WARN_UNUSED_VARIABLE = YES;
				IPHONEOS_DEPLOYMENT_TARGET = 11.0;
				MTL_ENABLE_DEBUG_INFO = YES;
				ONLY_ACTIVE_ARCH = YES;
				SDKROOT = iphoneos;
				TARGETED_DEVICE_FAMILY = "1,2";
				VERSIONING_SYSTEM = "apple-generic";
				VERSION_INFO_PREFIX = "";
			};
			name = Debug;
		};
		32C6F3BB8BE82532BBABEAC8 /* Release */ = {
			isa = XCBuildConfiguration;
			buildSettings = {
				ALWAYS_SEARCH_USER_PATHS = NO;
				CLANG_ANALYZER_NONNULL = YES;
				CLANG_CXX_LANGUAGE_STANDARD = "gnu++0x";
				CLANG_CXX_LIBRARY = "libc++";
				CLANG_ENABLE_MODULES = YES;
				CLANG_ENABLE_OBJC_ARC = YES;
				CLANG_WARN_BLOCK_CAPTURE_AUTORELEASING = YES;
				CLANG_WARN_BOOL_CONVERSION = YES;
				CLANG_WARN_COMMA = YES;
				CLANG_WARN_CONSTANT_CONVERSION = YES;
				CLANG_WARN_DEPRECATED_OBJC_IMPLEMENTATIONS = YES;
				CLANG_WARN_DIRECT_OBJC_ISA_USAGE = YES_ERROR;
				CLANG_WARN_DOCUMENTATION_COMMENTS = YES;
				CLANG_WARN_EMPTY_BODY = YES;
				CLANG_WARN_ENUM_CONVERSION = YES;
				CLANG_WARN_INFINITE_RECURSION = YES;
				CLANG_WARN_INT_CONVERSION = YES;
				CLANG_WARN_NON_LITERAL_NULL_CONVERSION = YES;
				CLANG_WARN_OBJC_IMPLICIT_RETAIN_SELF = YES;
				CLANG_WARN_OBJC_LITERAL_CONVERSION = YES;
				CLANG_WARN_OBJC_ROOT_CLASS = YES_ERROR;
				CLANG_WARN_RANGE_LOOP_ANALYSIS = YES;
				CLANG_WARN_STRICT_PROTOTYPES = YES;
				CLANG_WARN_SUSPICIOUS_MOVE = YES;
				CLANG_WARN_UNREACHABLE_CODE = YES;
				CLANG_WARN__DUPLICATE_METHOD_MATCH = YES;
				"CODE_SIGN_IDENTITY[sdk=iphoneos*]" = "iPhone Developer";
				COPY_PHASE_STRIP = NO;
				CURRENT_PROJECT_VERSION = 1;
				DEBUG_INFORMATION_FORMAT = "dwarf-with-dsym";
				ENABLE_NS_ASSERTIONS = NO;
				ENABLE_STRICT_OBJC_MSGSEND = YES;
				GCC_C_LANGUAGE_STANDARD = gnu99;
				GCC_NO_COMMON_BLOCKS = YES;
				GCC_WARN_64_TO_32_BIT_CONVERSION = YES;
				GCC_WARN_ABOUT_RETURN_TYPE = YES_ERROR;
				GCC_WARN_UNDECLARED_SELECTOR = YES;
				GCC_WARN_UNINITIALIZED_AUTOS = YES_AGGRESSIVE;
				GCC_WARN_UNUSED_FUNCTION = YES;
				GCC_WARN_UNUSED_VARIABLE = YES;
				IPHONEOS_DEPLOYMENT_TARGET = 11.0;
				MTL_ENABLE_DEBUG_INFO = NO;
				ONLY_ACTIVE_ARCH = YES;
				SDKROOT = iphoneos;
				TARGETED_DEVICE_FAMILY = "1,2";
				VALIDATE_PRODUCT = YES;
				VERSIONING_SYSTEM = "apple-generic";
				VERSION_INFO_PREFIX = "";
			};
			name = Release;
		};
		32C6F532A52B3BD4432BE6ED /* Debug */ = {
			isa = XCBuildConfiguration;
			buildSettings = {
				CODE_SIGN_IDENTITY = "";
				"CODE_SIGN_IDENTITY[sdk=iphoneos*]" = "iPhone Developer";
				DEFINES_MODULE = YES;
				DEVELOPMENT_TEAM = DK34MVSU63;
				DYLIB_COMPATIBILITY_VERSION = 1;
				DYLIB_CURRENT_VERSION = 1;
				DYLIB_INSTALL_NAME_BASE = "@rpath";
				FRAMEWORK_SEARCH_PATHS = (
					"$(inherited)",
					"$(PROJECT_DIR)/Carthage/Build/iOS",
				);
				INFOPLIST_FILE = MobileEngageSDK/Info.plist;
				INSTALL_PATH = "$(LOCAL_LIBRARY_DIR)/Frameworks";
				IPHONEOS_DEPLOYMENT_TARGET = 11.0;
				LD_RUNPATH_SEARCH_PATHS = "$(inherited) @executable_path/Frameworks @loader_path/Frameworks";
				ONLY_ACTIVE_ARCH = YES;
				PRODUCT_BUNDLE_IDENTIFIER = com.emarsys.MobileEngage;
				PRODUCT_NAME = "$(TARGET_NAME)";
				SKIP_INSTALL = YES;
				USER_HEADER_SEARCH_PATHS = "\"${PROJECT_DIR}/Pods\"/**";
			};
			name = Debug;
		};
		32C6FBD3DD57E82510C44A93 /* Release */ = {
			isa = XCBuildConfiguration;
			buildSettings = {
				CODE_SIGN_IDENTITY = "";
				"CODE_SIGN_IDENTITY[sdk=iphoneos*]" = "iPhone Developer";
				DEFINES_MODULE = YES;
				DEVELOPMENT_TEAM = DK34MVSU63;
				DYLIB_COMPATIBILITY_VERSION = 1;
				DYLIB_CURRENT_VERSION = 1;
				DYLIB_INSTALL_NAME_BASE = "@rpath";
				FRAMEWORK_SEARCH_PATHS = (
					"$(inherited)",
					"$(PROJECT_DIR)/Carthage/Build/iOS",
				);
				INFOPLIST_FILE = MobileEngageSDK/Info.plist;
				INSTALL_PATH = "$(LOCAL_LIBRARY_DIR)/Frameworks";
				IPHONEOS_DEPLOYMENT_TARGET = 11.0;
				LD_RUNPATH_SEARCH_PATHS = "$(inherited) @executable_path/Frameworks @loader_path/Frameworks";
				ONLY_ACTIVE_ARCH = YES;
				PRODUCT_BUNDLE_IDENTIFIER = com.emarsys.MobileEngage;
				PRODUCT_NAME = "$(TARGET_NAME)";
				SKIP_INSTALL = YES;
				USER_HEADER_SEARCH_PATHS = "\"${PROJECT_DIR}/Pods\"/**";
			};
			name = Release;
		};
		FABAAF3D21F8A6D70000F384 /* Debug */ = {
			isa = XCBuildConfiguration;
			buildSettings = {
				CLANG_ANALYZER_NUMBER_OBJECT_CONVERSION = YES_AGGRESSIVE;
				CLANG_CXX_LANGUAGE_STANDARD = "gnu++14";
				CLANG_ENABLE_OBJC_WEAK = YES;
				CLANG_WARN_UNGUARDED_AVAILABILITY = YES_AGGRESSIVE;
				CODE_SIGN_IDENTITY = "iPhone Developer";
				CODE_SIGN_STYLE = Automatic;
				DEFINES_MODULE = YES;
				DEVELOPMENT_TEAM = DK34MVSU63;
				DYLIB_COMPATIBILITY_VERSION = 1;
				DYLIB_CURRENT_VERSION = 1;
				DYLIB_INSTALL_NAME_BASE = "@rpath";
				FRAMEWORK_SEARCH_PATHS = (
					"$(inherited)",
					"$(PROJECT_DIR)/Carthage/Build/iOS",
				);
				GCC_C_LANGUAGE_STANDARD = gnu11;
				INFOPLIST_FILE = MobileEngageRichExtension/Info.plist;
				INSTALL_PATH = "$(LOCAL_LIBRARY_DIR)/Frameworks";
				IPHONEOS_DEPLOYMENT_TARGET = 11.0;
				LD_RUNPATH_SEARCH_PATHS = "$(inherited) @executable_path/Frameworks @loader_path/Frameworks";
				MTL_ENABLE_DEBUG_INFO = INCLUDE_SOURCE;
				MTL_FAST_MATH = YES;
				PRODUCT_BUNDLE_IDENTIFIER = com.emarsys.MobileEngageRichExtension;
				PRODUCT_NAME = "$(TARGET_NAME:c99extidentifier)";
				SKIP_INSTALL = YES;
				TARGETED_DEVICE_FAMILY = "1,2";
			};
			name = Debug;
		};
		FABAAF3E21F8A6D70000F384 /* Release */ = {
			isa = XCBuildConfiguration;
			buildSettings = {
				CLANG_ANALYZER_NUMBER_OBJECT_CONVERSION = YES_AGGRESSIVE;
				CLANG_CXX_LANGUAGE_STANDARD = "gnu++14";
				CLANG_ENABLE_OBJC_WEAK = YES;
				CLANG_WARN_UNGUARDED_AVAILABILITY = YES_AGGRESSIVE;
				CODE_SIGN_IDENTITY = "iPhone Developer";
				CODE_SIGN_STYLE = Automatic;
				DEFINES_MODULE = YES;
				DEVELOPMENT_TEAM = DK34MVSU63;
				DYLIB_COMPATIBILITY_VERSION = 1;
				DYLIB_CURRENT_VERSION = 1;
				DYLIB_INSTALL_NAME_BASE = "@rpath";
				FRAMEWORK_SEARCH_PATHS = (
					"$(inherited)",
					"$(PROJECT_DIR)/Carthage/Build/iOS",
				);
				GCC_C_LANGUAGE_STANDARD = gnu11;
				INFOPLIST_FILE = MobileEngageRichExtension/Info.plist;
				INSTALL_PATH = "$(LOCAL_LIBRARY_DIR)/Frameworks";
				IPHONEOS_DEPLOYMENT_TARGET = 11.0;
				LD_RUNPATH_SEARCH_PATHS = "$(inherited) @executable_path/Frameworks @loader_path/Frameworks";
				MTL_FAST_MATH = YES;
				PRODUCT_BUNDLE_IDENTIFIER = com.emarsys.MobileEngageRichExtension;
				PRODUCT_NAME = "$(TARGET_NAME:c99extidentifier)";
				SKIP_INSTALL = YES;
				TARGETED_DEVICE_FAMILY = "1,2";
			};
			name = Release;
		};
/* End XCBuildConfiguration section */

/* Begin XCConfigurationList section */
		32C6F9D7A7E9B0205DB5522F /* Build configuration list for PBXNativeTarget "MobileEngageSDK" */ = {
			isa = XCConfigurationList;
			buildConfigurations = (
				32C6F532A52B3BD4432BE6ED /* Debug */,
				32C6FBD3DD57E82510C44A93 /* Release */,
			);
			defaultConfigurationIsVisible = 0;
			defaultConfigurationName = Release;
		};
		32C6FD3AA9EA1AC27FAA2651 /* Build configuration list for PBXProject "MobileEngageSDK" */ = {
			isa = XCConfigurationList;
			buildConfigurations = (
				32C6F1B420F1CB08C9867F54 /* Debug */,
				32C6F3BB8BE82532BBABEAC8 /* Release */,
			);
			defaultConfigurationIsVisible = 0;
			defaultConfigurationName = Release;
		};
		FABAAF3C21F8A6D70000F384 /* Build configuration list for PBXNativeTarget "MobileEngageRichExtension" */ = {
			isa = XCConfigurationList;
			buildConfigurations = (
				FABAAF3D21F8A6D70000F384 /* Debug */,
				FABAAF3E21F8A6D70000F384 /* Release */,
			);
			defaultConfigurationIsVisible = 0;
			defaultConfigurationName = Release;
		};
/* End XCConfigurationList section */
	};
	rootObject = 32C6FB81753C1A302A110975 /* Project object */;
}
