// !$*UTF8*$!
{
	archiveVersion = 1;
	classes = {
	};
	objectVersion = 46;
	objects = {

/* Begin PBXBuildFile section */
		16ED6B221E7FE12600BB9C63 /* main.m in Sources */ = {isa = PBXBuildFile; fileRef = 16ED6B211E7FE12600BB9C63 /* main.m */; };
		16ED6B251E7FE12600BB9C63 /* AppDelegate.m in Sources */ = {isa = PBXBuildFile; fileRef = 16ED6B241E7FE12600BB9C63 /* AppDelegate.m */; };
		16ED6B281E7FE12600BB9C63 /* ViewController.m in Sources */ = {isa = PBXBuildFile; fileRef = 16ED6B271E7FE12600BB9C63 /* ViewController.m */; };
		16ED6B2B1E7FE12600BB9C63 /* Main.storyboard in Resources */ = {isa = PBXBuildFile; fileRef = 16ED6B291E7FE12600BB9C63 /* Main.storyboard */; };
		16ED6B2D1E7FE12600BB9C63 /* Assets.xcassets in Resources */ = {isa = PBXBuildFile; fileRef = 16ED6B2C1E7FE12600BB9C63 /* Assets.xcassets */; };
		16ED6B301E7FE12600BB9C63 /* LaunchScreen.storyboard in Resources */ = {isa = PBXBuildFile; fileRef = 16ED6B2E1E7FE12600BB9C63 /* LaunchScreen.storyboard */; };
		16ED6B3A1E7FE2E600BB9C63 /* MobileEngage.framework in CopyFiles */ = {isa = PBXBuildFile; fileRef = 32C6FFD88E2892F183B9C41C /* MobileEngage.framework */; settings = {ATTRIBUTES = (CodeSignOnCopy, RemoveHeadersOnCopy, ); }; };
		32C6F2B18FBC539E961EF069 /* Info.plist in Resources */ = {isa = PBXBuildFile; fileRef = 32C6F75C6B275FB5F0669AF0 /* Info.plist */; };
		32C6F32039F275C4AD6C9FFC /* MobileEngageInternal.h in Headers */ = {isa = PBXBuildFile; fileRef = 32C6F8DAD8E109756D0A6B68 /* MobileEngageInternal.h */; };
		32C6F443B74763D4785022F9 /* InterfaceTests.m in Sources */ = {isa = PBXBuildFile; fileRef = 32C6F2F7B517867CF069B590 /* InterfaceTests.m */; };
		32C6F4BFDB188B474E9CFF03 /* MEConfig.m in Sources */ = {isa = PBXBuildFile; fileRef = 32C6FE11C048D1D103C6B120 /* MEConfig.m */; };
		32C6F550B3CD5637A841BB0B /* Info.plist in Resources */ = {isa = PBXBuildFile; fileRef = 32C6F68C59D362926D33BB45 /* Info.plist */; };
		32C6F55A9979DC26FD526D89 /* MEConfigBuilder.m in Sources */ = {isa = PBXBuildFile; fileRef = 32C6F0CED986657DA32E7525 /* MEConfigBuilder.m */; };
		32C6F791C414CB1E195DF7BF /* MobileEngage.m in Sources */ = {isa = PBXBuildFile; fileRef = 32C6F0F5EAFCCF8DD8BEDE99 /* MobileEngage.m */; };
		32C6F7999214937B7CFA2169 /* MobileEngageTests.m in Sources */ = {isa = PBXBuildFile; fileRef = 32C6F873043EA1EC7E0E057C /* MobileEngageTests.m */; };
		32C6F81E4196B011AFB51586 /* MEConfig.h in Headers */ = {isa = PBXBuildFile; fileRef = 32C6F22AD8B05632EFE8F29D /* MEConfig.h */; };
		32C6F841AFC3F9D8BFD08191 /* NSDictionary+MobileEngageTests.m in Sources */ = {isa = PBXBuildFile; fileRef = 32C6F2B5804BB098F1ADD9B6 /* NSDictionary+MobileEngageTests.m */; };
		32C6F906E9F3410E5BF08A2D /* BuilderTests.m in Sources */ = {isa = PBXBuildFile; fileRef = 32C6F8941CDF4E63DBD3D286 /* BuilderTests.m */; };
		32C6F9742BC7CC58427DA191 /* MobileEngageStatusDelegate.h in Headers */ = {isa = PBXBuildFile; fileRef = 32C6F347F1A25755538F5591 /* MobileEngageStatusDelegate.h */; };
		32C6F9AA36B2BC1AAA2EFDD5 /* MobileEngageInternal.m in Sources */ = {isa = PBXBuildFile; fileRef = 32C6FF185EC94949DE34FF16 /* MobileEngageInternal.m */; };
		32C6F9BEF9759A037BD8C3D9 /* FakeStatusDelegate.m in Sources */ = {isa = PBXBuildFile; fileRef = 32C6F9EBE29BADE147154DC7 /* FakeStatusDelegate.m */; };
		32C6FC9F53ECB121BF53EA03 /* NSDictionary+MobileEngage.m in Sources */ = {isa = PBXBuildFile; fileRef = 32C6FB1ABA70C84E60D9C2B0 /* NSDictionary+MobileEngage.m */; };
		32C6FCF5DE2B130DCD04794A /* MEConfigBuilder.h in Headers */ = {isa = PBXBuildFile; fileRef = 32C6FB15634CAA89F68990D1 /* MEConfigBuilder.h */; };
		32C6FD0B7F3B7647DA9C43EC /* NSDictionary+MobileEngage.h in Headers */ = {isa = PBXBuildFile; fileRef = 32C6F901EAA453C0FE99E056 /* NSDictionary+MobileEngage.h */; };
		32C6FDBD2FC3DD9E7B80C096 /* IntegrationTests.m in Sources */ = {isa = PBXBuildFile; fileRef = 32C6FE99B9488237B00942D3 /* IntegrationTests.m */; };
		32C6FDFEA2A652D115B32D50 /* FakeRequestManager.m in Sources */ = {isa = PBXBuildFile; fileRef = 32C6FE3759BB0C1FD42A418E /* FakeRequestManager.m */; };
		32C6FE55F469AAF41FE77725 /* MobileEngage.framework in Frameworks */ = {isa = PBXBuildFile; fileRef = 32C6FFD88E2892F183B9C41C /* MobileEngage.framework */; };
		32C6FF342FC2C54422C8657C /* MobileEngage.h in Headers */ = {isa = PBXBuildFile; fileRef = 32C6F9F7C741052373E946A2 /* MobileEngage.h */; };
		32C6FF6CA695A73EA009E40A /* MobileEngageVersion.h in Headers */ = {isa = PBXBuildFile; fileRef = 32C6FA6991F882C8197DE493 /* MobileEngageVersion.h */; };
		374602FFDFB3E8B95C8CA424 /* MEAppLoginParameters.m in Sources */ = {isa = PBXBuildFile; fileRef = 37460064180D9AE6386F4D91 /* MEAppLoginParameters.m */; };
		3746080B1ECACAB2F5BC7935 /* NSData+MobileEngageTest.m in Sources */ = {isa = PBXBuildFile; fileRef = 3746082B41F26ED2E4C30FE6 /* NSData+MobileEngageTest.m */; };
		37460906FC12301114D82BAF /* EMSRequestModelMatcher.m in Sources */ = {isa = PBXBuildFile; fileRef = 374600D2C87F4E59AE3EB5C1 /* EMSRequestModelMatcher.m */; };
		37460D8A9337F9B6ABBA014F /* MEAppLoginParameters.h in Headers */ = {isa = PBXBuildFile; fileRef = 3746074B9FA6B1E3D03E0F05 /* MEAppLoginParameters.h */; };
		37460EC794D9BE7A0577B4BB /* NSData+MobileEngine.h in Headers */ = {isa = PBXBuildFile; fileRef = 374606C19F7396FF90BF0546 /* NSData+MobileEngine.h */; };
		37460F8AB7A75315B302E899 /* NSData+MobileEngine.m in Sources */ = {isa = PBXBuildFile; fileRef = 37460A987A7E73365F25A559 /* NSData+MobileEngine.m */; };
		3D2E4B52761B24CDC2658F5F /* libPods-MobileEngageTests.a in Frameworks */ = {isa = PBXBuildFile; fileRef = C6262C89B7603BAEEEC82477 /* libPods-MobileEngageTests.a */; };
		69AF135B0B285E983E9BEF76 /* libPods-MobileEngage.a in Frameworks */ = {isa = PBXBuildFile; fileRef = 4FBEE9AE6141869888698713 /* libPods-MobileEngage.a */; };
/* End PBXBuildFile section */

/* Begin PBXContainerItemProxy section */
		16ED6B351E7FE12B00BB9C63 /* PBXContainerItemProxy */ = {
			isa = PBXContainerItemProxy;
			containerPortal = 32C6FB81753C1A302A110975 /* Project object */;
			proxyType = 1;
			remoteGlobalIDString = 16ED6B1D1E7FE12600BB9C63;
			remoteInfo = "MobileEngage Host";
		};
		32C6F78DBBA38E3DA5AAB9EA /* PBXContainerItemProxy */ = {
			isa = PBXContainerItemProxy;
			containerPortal = 32C6FB81753C1A302A110975 /* Project object */;
			proxyType = 1;
			remoteGlobalIDString = 32C6F20E7A6F515CE383A966;
			remoteInfo = MobileEngage;
		};
/* End PBXContainerItemProxy section */

/* Begin PBXCopyFilesBuildPhase section */
		16ED6B381E7FE29F00BB9C63 /* CopyFiles */ = {
			isa = PBXCopyFilesBuildPhase;
			buildActionMask = 2147483647;
			dstPath = "";
			dstSubfolderSpec = 10;
			files = (
				16ED6B3A1E7FE2E600BB9C63 /* MobileEngage.framework in CopyFiles */,
			);
			runOnlyForDeploymentPostprocessing = 0;
		};
/* End PBXCopyFilesBuildPhase section */

/* Begin PBXFileReference section */
		0BB822EAFA034034244E9B64 /* Pods-MobileEngage.release.xcconfig */ = {isa = PBXFileReference; includeInIndex = 1; lastKnownFileType = text.xcconfig; name = "Pods-MobileEngage.release.xcconfig"; path = "Pods/Target Support Files/Pods-MobileEngage/Pods-MobileEngage.release.xcconfig"; sourceTree = "<group>"; };
		16ED6B1E1E7FE12600BB9C63 /* MobileEngage Host.app */ = {isa = PBXFileReference; explicitFileType = wrapper.application; includeInIndex = 0; path = "MobileEngage Host.app"; sourceTree = BUILT_PRODUCTS_DIR; };
		16ED6B211E7FE12600BB9C63 /* main.m */ = {isa = PBXFileReference; lastKnownFileType = sourcecode.c.objc; path = main.m; sourceTree = "<group>"; };
		16ED6B231E7FE12600BB9C63 /* AppDelegate.h */ = {isa = PBXFileReference; lastKnownFileType = sourcecode.c.h; path = AppDelegate.h; sourceTree = "<group>"; };
		16ED6B241E7FE12600BB9C63 /* AppDelegate.m */ = {isa = PBXFileReference; lastKnownFileType = sourcecode.c.objc; path = AppDelegate.m; sourceTree = "<group>"; };
		16ED6B261E7FE12600BB9C63 /* ViewController.h */ = {isa = PBXFileReference; lastKnownFileType = sourcecode.c.h; path = ViewController.h; sourceTree = "<group>"; };
		16ED6B271E7FE12600BB9C63 /* ViewController.m */ = {isa = PBXFileReference; lastKnownFileType = sourcecode.c.objc; path = ViewController.m; sourceTree = "<group>"; };
		16ED6B2A1E7FE12600BB9C63 /* Base */ = {isa = PBXFileReference; lastKnownFileType = file.storyboard; name = Base; path = Base.lproj/Main.storyboard; sourceTree = "<group>"; };
		16ED6B2C1E7FE12600BB9C63 /* Assets.xcassets */ = {isa = PBXFileReference; lastKnownFileType = folder.assetcatalog; path = Assets.xcassets; sourceTree = "<group>"; };
		16ED6B2F1E7FE12600BB9C63 /* Base */ = {isa = PBXFileReference; lastKnownFileType = file.storyboard; name = Base; path = Base.lproj/LaunchScreen.storyboard; sourceTree = "<group>"; };
		16ED6B311E7FE12600BB9C63 /* Info.plist */ = {isa = PBXFileReference; lastKnownFileType = text.plist.xml; path = Info.plist; sourceTree = "<group>"; };
		32C6F0CED986657DA32E7525 /* MEConfigBuilder.m */ = {isa = PBXFileReference; fileEncoding = 4; lastKnownFileType = sourcecode.c.objc; path = MEConfigBuilder.m; sourceTree = "<group>"; };
		32C6F0F5EAFCCF8DD8BEDE99 /* MobileEngage.m */ = {isa = PBXFileReference; fileEncoding = 4; lastKnownFileType = sourcecode.c.objc; path = MobileEngage.m; sourceTree = "<group>"; };
		32C6F123C6A32D948E91FC84 /* FakeStatusDelegate.h */ = {isa = PBXFileReference; fileEncoding = 4; lastKnownFileType = sourcecode.c.h; path = FakeStatusDelegate.h; sourceTree = "<group>"; };
		32C6F1CFFCD7F0A4AB4BD0BA /* MobileEngageInternal+Private.h */ = {isa = PBXFileReference; fileEncoding = 4; lastKnownFileType = sourcecode.c.h; path = "MobileEngageInternal+Private.h"; sourceTree = "<group>"; };
		32C6F22AD8B05632EFE8F29D /* MEConfig.h */ = {isa = PBXFileReference; fileEncoding = 4; lastKnownFileType = sourcecode.c.h; path = MEConfig.h; sourceTree = "<group>"; };
		32C6F2B5804BB098F1ADD9B6 /* NSDictionary+MobileEngageTests.m */ = {isa = PBXFileReference; fileEncoding = 4; lastKnownFileType = sourcecode.c.objc; path = "NSDictionary+MobileEngageTests.m"; sourceTree = "<group>"; };
		32C6F2F7B517867CF069B590 /* InterfaceTests.m */ = {isa = PBXFileReference; fileEncoding = 4; lastKnownFileType = sourcecode.c.objc; path = InterfaceTests.m; sourceTree = "<group>"; };
		32C6F347F1A25755538F5591 /* MobileEngageStatusDelegate.h */ = {isa = PBXFileReference; fileEncoding = 4; lastKnownFileType = sourcecode.c.h; path = MobileEngageStatusDelegate.h; sourceTree = "<group>"; };
		32C6F68C59D362926D33BB45 /* Info.plist */ = {isa = PBXFileReference; lastKnownFileType = text.plist.info; path = Info.plist; sourceTree = "<group>"; };
		32C6F75C6B275FB5F0669AF0 /* Info.plist */ = {isa = PBXFileReference; lastKnownFileType = text.plist.info; path = Info.plist; sourceTree = "<group>"; };
		32C6F873043EA1EC7E0E057C /* MobileEngageTests.m */ = {isa = PBXFileReference; fileEncoding = 4; lastKnownFileType = sourcecode.c.objc; path = MobileEngageTests.m; sourceTree = "<group>"; };
		32C6F8941CDF4E63DBD3D286 /* BuilderTests.m */ = {isa = PBXFileReference; fileEncoding = 4; lastKnownFileType = sourcecode.c.objc; path = BuilderTests.m; sourceTree = "<group>"; };
		32C6F8DAD8E109756D0A6B68 /* MobileEngageInternal.h */ = {isa = PBXFileReference; fileEncoding = 4; lastKnownFileType = sourcecode.c.h; path = MobileEngageInternal.h; sourceTree = "<group>"; };
		32C6F901EAA453C0FE99E056 /* NSDictionary+MobileEngage.h */ = {isa = PBXFileReference; fileEncoding = 4; lastKnownFileType = sourcecode.c.h; path = "NSDictionary+MobileEngage.h"; sourceTree = "<group>"; };
		32C6F979B34ACD8FE94CBAD3 /* MobileEngageSDK.podspec */ = {isa = PBXFileReference; lastKnownFileType = file.podspec; path = MobileEngageSDK.podspec; sourceTree = "<group>"; };
		32C6F9EBE29BADE147154DC7 /* FakeStatusDelegate.m */ = {isa = PBXFileReference; fileEncoding = 4; lastKnownFileType = sourcecode.c.objc; path = FakeStatusDelegate.m; sourceTree = "<group>"; };
		32C6F9F7C741052373E946A2 /* MobileEngage.h */ = {isa = PBXFileReference; fileEncoding = 4; lastKnownFileType = sourcecode.c.h; path = MobileEngage.h; sourceTree = "<group>"; };
		32C6FA4B877CF01DBE87E712 /* FakeRequestManager.h */ = {isa = PBXFileReference; fileEncoding = 4; lastKnownFileType = sourcecode.c.h; path = FakeRequestManager.h; sourceTree = "<group>"; };
		32C6FA5C92065D2BBF21E07A /* MobileEngageTests.xctest */ = {isa = PBXFileReference; explicitFileType = wrapper.cfbundle; includeInIndex = 0; path = MobileEngageTests.xctest; sourceTree = BUILT_PRODUCTS_DIR; };
		32C6FA6991F882C8197DE493 /* MobileEngageVersion.h */ = {isa = PBXFileReference; fileEncoding = 4; lastKnownFileType = sourcecode.c.h; path = MobileEngageVersion.h; sourceTree = "<group>"; };
		32C6FB15634CAA89F68990D1 /* MEConfigBuilder.h */ = {isa = PBXFileReference; fileEncoding = 4; lastKnownFileType = sourcecode.c.h; path = MEConfigBuilder.h; sourceTree = "<group>"; };
		32C6FB1ABA70C84E60D9C2B0 /* NSDictionary+MobileEngage.m */ = {isa = PBXFileReference; fileEncoding = 4; lastKnownFileType = sourcecode.c.objc; path = "NSDictionary+MobileEngage.m"; sourceTree = "<group>"; };
		32C6FBCD7BBB80E3DCEDE7B3 /* MobileEngage+Private.h */ = {isa = PBXFileReference; fileEncoding = 4; lastKnownFileType = sourcecode.c.h; path = "MobileEngage+Private.h"; sourceTree = "<group>"; };
		32C6FE11C048D1D103C6B120 /* MEConfig.m */ = {isa = PBXFileReference; fileEncoding = 4; lastKnownFileType = sourcecode.c.objc; path = MEConfig.m; sourceTree = "<group>"; };
		32C6FE3759BB0C1FD42A418E /* FakeRequestManager.m */ = {isa = PBXFileReference; fileEncoding = 4; lastKnownFileType = sourcecode.c.objc; path = FakeRequestManager.m; sourceTree = "<group>"; };
		32C6FE99B9488237B00942D3 /* IntegrationTests.m */ = {isa = PBXFileReference; fileEncoding = 4; lastKnownFileType = sourcecode.c.objc; path = IntegrationTests.m; sourceTree = "<group>"; };
		32C6FF185EC94949DE34FF16 /* MobileEngageInternal.m */ = {isa = PBXFileReference; fileEncoding = 4; lastKnownFileType = sourcecode.c.objc; path = MobileEngageInternal.m; sourceTree = "<group>"; };
		32C6FFD88E2892F183B9C41C /* MobileEngage.framework */ = {isa = PBXFileReference; explicitFileType = wrapper.framework; includeInIndex = 0; path = MobileEngage.framework; sourceTree = BUILT_PRODUCTS_DIR; };
		37460064180D9AE6386F4D91 /* MEAppLoginParameters.m */ = {isa = PBXFileReference; fileEncoding = 4; lastKnownFileType = sourcecode.c.objc; path = MEAppLoginParameters.m; sourceTree = "<group>"; };
		374600D2C87F4E59AE3EB5C1 /* EMSRequestModelMatcher.m */ = {isa = PBXFileReference; fileEncoding = 4; lastKnownFileType = sourcecode.c.objc; path = EMSRequestModelMatcher.m; sourceTree = "<group>"; };
		374606C19F7396FF90BF0546 /* NSData+MobileEngine.h */ = {isa = PBXFileReference; fileEncoding = 4; lastKnownFileType = sourcecode.c.h; path = "NSData+MobileEngine.h"; sourceTree = "<group>"; };
		3746074B9FA6B1E3D03E0F05 /* MEAppLoginParameters.h */ = {isa = PBXFileReference; fileEncoding = 4; lastKnownFileType = sourcecode.c.h; path = MEAppLoginParameters.h; sourceTree = "<group>"; };
		3746082B41F26ED2E4C30FE6 /* NSData+MobileEngageTest.m */ = {isa = PBXFileReference; fileEncoding = 4; lastKnownFileType = sourcecode.c.objc; path = "NSData+MobileEngageTest.m"; sourceTree = "<group>"; };
		37460A62CFE918ED5D3EE52F /* EMSRequestModelMatcher.h */ = {isa = PBXFileReference; fileEncoding = 4; lastKnownFileType = sourcecode.c.h; path = EMSRequestModelMatcher.h; sourceTree = "<group>"; };
		37460A987A7E73365F25A559 /* NSData+MobileEngine.m */ = {isa = PBXFileReference; fileEncoding = 4; lastKnownFileType = sourcecode.c.objc; path = "NSData+MobileEngine.m"; sourceTree = "<group>"; };
		4FBEE9AE6141869888698713 /* libPods-MobileEngage.a */ = {isa = PBXFileReference; explicitFileType = archive.ar; includeInIndex = 0; path = "libPods-MobileEngage.a"; sourceTree = BUILT_PRODUCTS_DIR; };
		9780057C0A3C341B76020F59 /* Pods-MobileEngageTests.release.xcconfig */ = {isa = PBXFileReference; includeInIndex = 1; lastKnownFileType = text.xcconfig; name = "Pods-MobileEngageTests.release.xcconfig"; path = "Pods/Target Support Files/Pods-MobileEngageTests/Pods-MobileEngageTests.release.xcconfig"; sourceTree = "<group>"; };
		C6262C89B7603BAEEEC82477 /* libPods-MobileEngageTests.a */ = {isa = PBXFileReference; explicitFileType = archive.ar; includeInIndex = 0; path = "libPods-MobileEngageTests.a"; sourceTree = BUILT_PRODUCTS_DIR; };
		DD30B2F719C16E63FB8E4734 /* Pods-MobileEngage.debug.xcconfig */ = {isa = PBXFileReference; includeInIndex = 1; lastKnownFileType = text.xcconfig; name = "Pods-MobileEngage.debug.xcconfig"; path = "Pods/Target Support Files/Pods-MobileEngage/Pods-MobileEngage.debug.xcconfig"; sourceTree = "<group>"; };
		F1CF1B5F24046DBCF30ACF75 /* Pods-MobileEngageTests.debug.xcconfig */ = {isa = PBXFileReference; includeInIndex = 1; lastKnownFileType = text.xcconfig; name = "Pods-MobileEngageTests.debug.xcconfig"; path = "Pods/Target Support Files/Pods-MobileEngageTests/Pods-MobileEngageTests.debug.xcconfig"; sourceTree = "<group>"; };
/* End PBXFileReference section */

/* Begin PBXFrameworksBuildPhase section */
		16ED6B1B1E7FE12600BB9C63 /* Frameworks */ = {
			isa = PBXFrameworksBuildPhase;
			buildActionMask = 2147483647;
			files = (
			);
			runOnlyForDeploymentPostprocessing = 0;
		};
		32C6F32B68AAAF0659C14E37 /* Frameworks */ = {
			isa = PBXFrameworksBuildPhase;
			buildActionMask = 2147483647;
			files = (
				69AF135B0B285E983E9BEF76 /* libPods-MobileEngage.a in Frameworks */,
			);
			runOnlyForDeploymentPostprocessing = 0;
		};
		32C6FD7C120D99840C1701B9 /* Frameworks */ = {
			isa = PBXFrameworksBuildPhase;
			buildActionMask = 2147483647;
			files = (
				32C6FE55F469AAF41FE77725 /* MobileEngage.framework in Frameworks */,
				3D2E4B52761B24CDC2658F5F /* libPods-MobileEngageTests.a in Frameworks */,
			);
			runOnlyForDeploymentPostprocessing = 0;
		};
/* End PBXFrameworksBuildPhase section */

/* Begin PBXGroup section */
		16ED6B1F1E7FE12600BB9C63 /* MobileEngage Host */ = {
			isa = PBXGroup;
			children = (
				16ED6B231E7FE12600BB9C63 /* AppDelegate.h */,
				16ED6B241E7FE12600BB9C63 /* AppDelegate.m */,
				16ED6B261E7FE12600BB9C63 /* ViewController.h */,
				16ED6B271E7FE12600BB9C63 /* ViewController.m */,
				16ED6B291E7FE12600BB9C63 /* Main.storyboard */,
				16ED6B2C1E7FE12600BB9C63 /* Assets.xcassets */,
				16ED6B2E1E7FE12600BB9C63 /* LaunchScreen.storyboard */,
				16ED6B311E7FE12600BB9C63 /* Info.plist */,
				16ED6B201E7FE12600BB9C63 /* Supporting Files */,
			);
			path = "MobileEngage Host";
			sourceTree = "<group>";
		};
		16ED6B201E7FE12600BB9C63 /* Supporting Files */ = {
			isa = PBXGroup;
			children = (
				16ED6B211E7FE12600BB9C63 /* main.m */,
			);
			name = "Supporting Files";
			sourceTree = "<group>";
		};
		1751A715D0CE68D830F78796 /* Frameworks */ = {
			isa = PBXGroup;
			children = (
				4FBEE9AE6141869888698713 /* libPods-MobileEngage.a */,
				C6262C89B7603BAEEEC82477 /* libPods-MobileEngageTests.a */,
			);
			name = Frameworks;
			sourceTree = "<group>";
		};
		32C6F2E927A07E7D8C6B5DFD /* Products */ = {
			isa = PBXGroup;
			children = (
				32C6FFD88E2892F183B9C41C /* MobileEngage.framework */,
				32C6FA5C92065D2BBF21E07A /* MobileEngageTests.xctest */,
				16ED6B1E1E7FE12600BB9C63 /* MobileEngage Host.app */,
			);
			name = Products;
			sourceTree = "<group>";
		};
		32C6F7A21B68BA819BB6EDCD /* MobileEngage */ = {
			isa = PBXGroup;
			children = (
				32C6F75C6B275FB5F0669AF0 /* Info.plist */,
				32C6FB15634CAA89F68990D1 /* MEConfigBuilder.h */,
				32C6F22AD8B05632EFE8F29D /* MEConfig.h */,
				32C6FE11C048D1D103C6B120 /* MEConfig.m */,
				32C6F0CED986657DA32E7525 /* MEConfigBuilder.m */,
				32C6F9F7C741052373E946A2 /* MobileEngage.h */,
				32C6F347F1A25755538F5591 /* MobileEngageStatusDelegate.h */,
				32C6F0F5EAFCCF8DD8BEDE99 /* MobileEngage.m */,
				32C6FB1ABA70C84E60D9C2B0 /* NSDictionary+MobileEngage.m */,
				32C6F901EAA453C0FE99E056 /* NSDictionary+MobileEngage.h */,
				32C6FF185EC94949DE34FF16 /* MobileEngageInternal.m */,
				32C6F8DAD8E109756D0A6B68 /* MobileEngageInternal.h */,
				32C6FA6991F882C8197DE493 /* MobileEngageVersion.h */,
				37460064180D9AE6386F4D91 /* MEAppLoginParameters.m */,
				3746074B9FA6B1E3D03E0F05 /* MEAppLoginParameters.h */,
				37460A987A7E73365F25A559 /* NSData+MobileEngine.m */,
				374606C19F7396FF90BF0546 /* NSData+MobileEngine.h */,
			);
			path = MobileEngage;
			sourceTree = "<group>";
		};
		32C6F81B7E30889957A4E0A2 = {
			isa = PBXGroup;
			children = (
				16ED6B1F1E7FE12600BB9C63 /* MobileEngage Host */,
				32C6F2E927A07E7D8C6B5DFD /* Products */,
				32C6F7A21B68BA819BB6EDCD /* MobileEngage */,
				32C6FB088790CDEAD5811809 /* MobileEngageTests */,
				32C6F979B34ACD8FE94CBAD3 /* MobileEngageSDK.podspec */,
				C5F2067B715382BAF7819E4F /* Pods */,
				1751A715D0CE68D830F78796 /* Frameworks */,
			);
			sourceTree = "<group>";
		};
		32C6FB088790CDEAD5811809 /* MobileEngageTests */ = {
			isa = PBXGroup;
			children = (
				32C6F68C59D362926D33BB45 /* Info.plist */,
				32C6F2F7B517867CF069B590 /* InterfaceTests.m */,
				32C6F8941CDF4E63DBD3D286 /* BuilderTests.m */,
				32C6F1CFFCD7F0A4AB4BD0BA /* MobileEngageInternal+Private.h */,
				374600D2C87F4E59AE3EB5C1 /* EMSRequestModelMatcher.m */,
				37460A62CFE918ED5D3EE52F /* EMSRequestModelMatcher.h */,
				32C6F2B5804BB098F1ADD9B6 /* NSDictionary+MobileEngageTests.m */,
				32C6FE3759BB0C1FD42A418E /* FakeRequestManager.m */,
				32C6FA4B877CF01DBE87E712 /* FakeRequestManager.h */,
				32C6F9EBE29BADE147154DC7 /* FakeStatusDelegate.m */,
				32C6F123C6A32D948E91FC84 /* FakeStatusDelegate.h */,
				32C6F873043EA1EC7E0E057C /* MobileEngageTests.m */,
				32C6FBCD7BBB80E3DCEDE7B3 /* MobileEngage+Private.h */,
				32C6FE99B9488237B00942D3 /* IntegrationTests.m */,
				3746082B41F26ED2E4C30FE6 /* NSData+MobileEngageTest.m */,
			);
			path = MobileEngageTests;
			sourceTree = "<group>";
		};
		C5F2067B715382BAF7819E4F /* Pods */ = {
			isa = PBXGroup;
			children = (
				DD30B2F719C16E63FB8E4734 /* Pods-MobileEngage.debug.xcconfig */,
				0BB822EAFA034034244E9B64 /* Pods-MobileEngage.release.xcconfig */,
				F1CF1B5F24046DBCF30ACF75 /* Pods-MobileEngageTests.debug.xcconfig */,
				9780057C0A3C341B76020F59 /* Pods-MobileEngageTests.release.xcconfig */,
			);
			name = Pods;
			sourceTree = "<group>";
		};
/* End PBXGroup section */

/* Begin PBXHeadersBuildPhase section */
		32C6F195EF51CA8006ACC49B /* Headers */ = {
			isa = PBXHeadersBuildPhase;
			buildActionMask = 2147483647;
			files = (
				32C6FCF5DE2B130DCD04794A /* MEConfigBuilder.h in Headers */,
				32C6F81E4196B011AFB51586 /* MEConfig.h in Headers */,
				32C6FF342FC2C54422C8657C /* MobileEngage.h in Headers */,
				32C6F9742BC7CC58427DA191 /* MobileEngageStatusDelegate.h in Headers */,
				32C6FD0B7F3B7647DA9C43EC /* NSDictionary+MobileEngage.h in Headers */,
				32C6F32039F275C4AD6C9FFC /* MobileEngageInternal.h in Headers */,
				32C6FF6CA695A73EA009E40A /* MobileEngageVersion.h in Headers */,
				37460D8A9337F9B6ABBA014F /* MEAppLoginParameters.h in Headers */,
				37460EC794D9BE7A0577B4BB /* NSData+MobileEngine.h in Headers */,
			);
			runOnlyForDeploymentPostprocessing = 0;
		};
/* End PBXHeadersBuildPhase section */

/* Begin PBXNativeTarget section */
		16ED6B1D1E7FE12600BB9C63 /* MobileEngage Host */ = {
			isa = PBXNativeTarget;
			buildConfigurationList = 16ED6B321E7FE12600BB9C63 /* Build configuration list for PBXNativeTarget "MobileEngage Host" */;
			buildPhases = (
				16ED6B1A1E7FE12600BB9C63 /* Sources */,
				16ED6B1B1E7FE12600BB9C63 /* Frameworks */,
				16ED6B1C1E7FE12600BB9C63 /* Resources */,
			);
			buildRules = (
			);
			dependencies = (
			);
			name = "MobileEngage Host";
			productName = "MobileEngage Host";
			productReference = 16ED6B1E1E7FE12600BB9C63 /* MobileEngage Host.app */;
			productType = "com.apple.product-type.application";
		};
		32C6F20E7A6F515CE383A966 /* MobileEngage */ = {
			isa = PBXNativeTarget;
			buildConfigurationList = 32C6F9D7A7E9B0205DB5522F /* Build configuration list for PBXNativeTarget "MobileEngage" */;
			buildPhases = (
				4870CC6D4E30260F5A2315AD /* [CP] Check Pods Manifest.lock */,
				32C6F9DFBC3FBB7D13386EEB /* Sources */,
				32C6F32B68AAAF0659C14E37 /* Frameworks */,
				32C6F195EF51CA8006ACC49B /* Headers */,
				32C6FD576C0FE675D0D1B0B5 /* Resources */,
				155C8E60ABEBFA83C2227B4D /* [CP] Copy Pods Resources */,
			);
			buildRules = (
			);
			dependencies = (
			);
			name = MobileEngage;
			productName = MobileEngage;
			productReference = 32C6FFD88E2892F183B9C41C /* MobileEngage.framework */;
			productType = "com.apple.product-type.framework";
		};
		32C6F59736632C8B5808DD7B /* MobileEngageTests */ = {
			isa = PBXNativeTarget;
			buildConfigurationList = 32C6F1102A8A4F8E0A6DFCDC /* Build configuration list for PBXNativeTarget "MobileEngageTests" */;
			buildPhases = (
				DA8FDEF36D57FA9DB33BD62D /* [CP] Check Pods Manifest.lock */,
				32C6FFEB1BBC1FD09F22D2C7 /* Sources */,
				32C6FD7C120D99840C1701B9 /* Frameworks */,
				32C6FB56092210A8184BD7F6 /* Resources */,
				555312E4D793A2098CD2F704 /* [CP] Embed Pods Frameworks */,
				78CF99FB91F5A23DA8ACEB44 /* [CP] Copy Pods Resources */,
				16ED6B381E7FE29F00BB9C63 /* CopyFiles */,
			);
			buildRules = (
			);
			dependencies = (
				32C6F8EB8EF02E210EF457D6 /* PBXTargetDependency */,
				16ED6B361E7FE12B00BB9C63 /* PBXTargetDependency */,
			);
			name = MobileEngageTests;
			productName = MobileEngageTests;
			productReference = 32C6FA5C92065D2BBF21E07A /* MobileEngageTests.xctest */;
			productType = "com.apple.product-type.bundle.unit-test";
		};
/* End PBXNativeTarget section */

/* Begin PBXProject section */
		32C6FB81753C1A302A110975 /* Project object */ = {
			isa = PBXProject;
			attributes = {
				ORGANIZATIONNAME = Emarsys;
				TargetAttributes = {
					16ED6B1D1E7FE12600BB9C63 = {
						CreatedOnToolsVersion = 8.2.1;
						DevelopmentTeam = 8LAPGQR7L8;
						ProvisioningStyle = Automatic;
					};
					32C6F20E7A6F515CE383A966 = {
						DevelopmentTeam = 8LAPGQR7L8;
						ProvisioningStyle = Automatic;
					};
					32C6F59736632C8B5808DD7B = {
						DevelopmentTeam = 8LAPGQR7L8;
						TestTargetID = 16ED6B1D1E7FE12600BB9C63;
					};
				};
			};
			buildConfigurationList = 32C6FD3AA9EA1AC27FAA2651 /* Build configuration list for PBXProject "MobileEngage" */;
			compatibilityVersion = "Xcode 3.2";
			developmentRegion = English;
			hasScannedForEncodings = 0;
			knownRegions = (
				en,
				Base,
			);
			mainGroup = 32C6F81B7E30889957A4E0A2;
			productRefGroup = 32C6F2E927A07E7D8C6B5DFD /* Products */;
			projectDirPath = "";
			projectRoot = "";
			targets = (
				32C6F20E7A6F515CE383A966 /* MobileEngage */,
				32C6F59736632C8B5808DD7B /* MobileEngageTests */,
				16ED6B1D1E7FE12600BB9C63 /* MobileEngage Host */,
			);
		};
/* End PBXProject section */

/* Begin PBXResourcesBuildPhase section */
		16ED6B1C1E7FE12600BB9C63 /* Resources */ = {
			isa = PBXResourcesBuildPhase;
			buildActionMask = 2147483647;
			files = (
				16ED6B301E7FE12600BB9C63 /* LaunchScreen.storyboard in Resources */,
				16ED6B2D1E7FE12600BB9C63 /* Assets.xcassets in Resources */,
				16ED6B2B1E7FE12600BB9C63 /* Main.storyboard in Resources */,
			);
			runOnlyForDeploymentPostprocessing = 0;
		};
		32C6FB56092210A8184BD7F6 /* Resources */ = {
			isa = PBXResourcesBuildPhase;
			buildActionMask = 2147483647;
			files = (
				32C6F550B3CD5637A841BB0B /* Info.plist in Resources */,
			);
			runOnlyForDeploymentPostprocessing = 0;
		};
		32C6FD576C0FE675D0D1B0B5 /* Resources */ = {
			isa = PBXResourcesBuildPhase;
			buildActionMask = 2147483647;
			files = (
				32C6F2B18FBC539E961EF069 /* Info.plist in Resources */,
			);
			runOnlyForDeploymentPostprocessing = 0;
		};
/* End PBXResourcesBuildPhase section */

/* Begin PBXShellScriptBuildPhase section */
		155C8E60ABEBFA83C2227B4D /* [CP] Copy Pods Resources */ = {
			isa = PBXShellScriptBuildPhase;
			buildActionMask = 2147483647;
			files = (
			);
			inputPaths = (
			);
			name = "[CP] Copy Pods Resources";
			outputPaths = (
			);
			runOnlyForDeploymentPostprocessing = 0;
			shellPath = /bin/sh;
			shellScript = "\"${SRCROOT}/Pods/Target Support Files/Pods-MobileEngage/Pods-MobileEngage-resources.sh\"\n";
			showEnvVarsInLog = 0;
		};
		4870CC6D4E30260F5A2315AD /* [CP] Check Pods Manifest.lock */ = {
			isa = PBXShellScriptBuildPhase;
			buildActionMask = 2147483647;
			files = (
			);
			inputPaths = (
			);
			name = "[CP] Check Pods Manifest.lock";
			outputPaths = (
			);
			runOnlyForDeploymentPostprocessing = 0;
			shellPath = /bin/sh;
			shellScript = "diff \"${PODS_ROOT}/../Podfile.lock\" \"${PODS_ROOT}/Manifest.lock\" > /dev/null\nif [ $? != 0 ] ; then\n    # print error to STDERR\n    echo \"error: The sandbox is not in sync with the Podfile.lock. Run 'pod install' or update your CocoaPods installation.\" >&2\n    exit 1\nfi\n";
			showEnvVarsInLog = 0;
		};
		555312E4D793A2098CD2F704 /* [CP] Embed Pods Frameworks */ = {
			isa = PBXShellScriptBuildPhase;
			buildActionMask = 2147483647;
			files = (
			);
			inputPaths = (
			);
			name = "[CP] Embed Pods Frameworks";
			outputPaths = (
			);
			runOnlyForDeploymentPostprocessing = 0;
			shellPath = /bin/sh;
			shellScript = "\"${SRCROOT}/Pods/Target Support Files/Pods-MobileEngageTests/Pods-MobileEngageTests-frameworks.sh\"\n";
			showEnvVarsInLog = 0;
		};
		78CF99FB91F5A23DA8ACEB44 /* [CP] Copy Pods Resources */ = {
			isa = PBXShellScriptBuildPhase;
			buildActionMask = 2147483647;
			files = (
			);
			inputPaths = (
			);
			name = "[CP] Copy Pods Resources";
			outputPaths = (
			);
			runOnlyForDeploymentPostprocessing = 0;
			shellPath = /bin/sh;
			shellScript = "\"${SRCROOT}/Pods/Target Support Files/Pods-MobileEngageTests/Pods-MobileEngageTests-resources.sh\"\n";
			showEnvVarsInLog = 0;
		};
		DA8FDEF36D57FA9DB33BD62D /* [CP] Check Pods Manifest.lock */ = {
			isa = PBXShellScriptBuildPhase;
			buildActionMask = 2147483647;
			files = (
			);
			inputPaths = (
			);
			name = "[CP] Check Pods Manifest.lock";
			outputPaths = (
			);
			runOnlyForDeploymentPostprocessing = 0;
			shellPath = /bin/sh;
			shellScript = "diff \"${PODS_ROOT}/../Podfile.lock\" \"${PODS_ROOT}/Manifest.lock\" > /dev/null\nif [ $? != 0 ] ; then\n    # print error to STDERR\n    echo \"error: The sandbox is not in sync with the Podfile.lock. Run 'pod install' or update your CocoaPods installation.\" >&2\n    exit 1\nfi\n";
			showEnvVarsInLog = 0;
		};
/* End PBXShellScriptBuildPhase section */

/* Begin PBXSourcesBuildPhase section */
		16ED6B1A1E7FE12600BB9C63 /* Sources */ = {
			isa = PBXSourcesBuildPhase;
			buildActionMask = 2147483647;
			files = (
				16ED6B281E7FE12600BB9C63 /* ViewController.m in Sources */,
				16ED6B251E7FE12600BB9C63 /* AppDelegate.m in Sources */,
				16ED6B221E7FE12600BB9C63 /* main.m in Sources */,
			);
			runOnlyForDeploymentPostprocessing = 0;
		};
		32C6F9DFBC3FBB7D13386EEB /* Sources */ = {
			isa = PBXSourcesBuildPhase;
			buildActionMask = 2147483647;
			files = (
				32C6F4BFDB188B474E9CFF03 /* MEConfig.m in Sources */,
				32C6F55A9979DC26FD526D89 /* MEConfigBuilder.m in Sources */,
				32C6F791C414CB1E195DF7BF /* MobileEngage.m in Sources */,
				32C6FC9F53ECB121BF53EA03 /* NSDictionary+MobileEngage.m in Sources */,
				32C6F9AA36B2BC1AAA2EFDD5 /* MobileEngageInternal.m in Sources */,
				374602FFDFB3E8B95C8CA424 /* MEAppLoginParameters.m in Sources */,
				37460F8AB7A75315B302E899 /* NSData+MobileEngine.m in Sources */,
			);
			runOnlyForDeploymentPostprocessing = 0;
		};
		32C6FFEB1BBC1FD09F22D2C7 /* Sources */ = {
			isa = PBXSourcesBuildPhase;
			buildActionMask = 2147483647;
			files = (
				32C6F906E9F3410E5BF08A2D /* BuilderTests.m in Sources */,
				32C6F443B74763D4785022F9 /* InterfaceTests.m in Sources */,
				37460906FC12301114D82BAF /* EMSRequestModelMatcher.m in Sources */,
				32C6F841AFC3F9D8BFD08191 /* NSDictionary+MobileEngageTests.m in Sources */,
				32C6FDFEA2A652D115B32D50 /* FakeRequestManager.m in Sources */,
				32C6F9BEF9759A037BD8C3D9 /* FakeStatusDelegate.m in Sources */,
				32C6F7999214937B7CFA2169 /* MobileEngageTests.m in Sources */,
				32C6FDBD2FC3DD9E7B80C096 /* IntegrationTests.m in Sources */,
				3746080B1ECACAB2F5BC7935 /* NSData+MobileEngageTest.m in Sources */,
			);
			runOnlyForDeploymentPostprocessing = 0;
		};
/* End PBXSourcesBuildPhase section */

/* Begin PBXTargetDependency section */
		16ED6B361E7FE12B00BB9C63 /* PBXTargetDependency */ = {
			isa = PBXTargetDependency;
			target = 16ED6B1D1E7FE12600BB9C63 /* MobileEngage Host */;
			targetProxy = 16ED6B351E7FE12B00BB9C63 /* PBXContainerItemProxy */;
		};
		32C6F8EB8EF02E210EF457D6 /* PBXTargetDependency */ = {
			isa = PBXTargetDependency;
			target = 32C6F20E7A6F515CE383A966 /* MobileEngage */;
			targetProxy = 32C6F78DBBA38E3DA5AAB9EA /* PBXContainerItemProxy */;
		};
/* End PBXTargetDependency section */

/* Begin PBXVariantGroup section */
		16ED6B291E7FE12600BB9C63 /* Main.storyboard */ = {
			isa = PBXVariantGroup;
			children = (
				16ED6B2A1E7FE12600BB9C63 /* Base */,
			);
			name = Main.storyboard;
			sourceTree = "<group>";
		};
		16ED6B2E1E7FE12600BB9C63 /* LaunchScreen.storyboard */ = {
			isa = PBXVariantGroup;
			children = (
				16ED6B2F1E7FE12600BB9C63 /* Base */,
			);
			name = LaunchScreen.storyboard;
			sourceTree = "<group>";
		};
/* End PBXVariantGroup section */

/* Begin XCBuildConfiguration section */
		16ED6B331E7FE12600BB9C63 /* Debug */ = {
			isa = XCBuildConfiguration;
			buildSettings = {
				ASSETCATALOG_COMPILER_APPICON_NAME = AppIcon;
				DEVELOPMENT_TEAM = 8LAPGQR7L8;
				INFOPLIST_FILE = "MobileEngage Host/Info.plist";
				IPHONEOS_DEPLOYMENT_TARGET = 9.0;
				LD_RUNPATH_SEARCH_PATHS = "$(inherited) @executable_path/Frameworks";
				ONLY_ACTIVE_ARCH = YES;
				PRODUCT_BUNDLE_IDENTIFIER = "emarsys.MobileEngage-Host";
				PRODUCT_NAME = "$(TARGET_NAME)";
			};
			name = Debug;
		};
		16ED6B341E7FE12600BB9C63 /* Release */ = {
			isa = XCBuildConfiguration;
			buildSettings = {
				ASSETCATALOG_COMPILER_APPICON_NAME = AppIcon;
				DEVELOPMENT_TEAM = 8LAPGQR7L8;
				INFOPLIST_FILE = "MobileEngage Host/Info.plist";
				IPHONEOS_DEPLOYMENT_TARGET = 9.0;
				LD_RUNPATH_SEARCH_PATHS = "$(inherited) @executable_path/Frameworks";
				ONLY_ACTIVE_ARCH = YES;
				PRODUCT_BUNDLE_IDENTIFIER = "emarsys.MobileEngage-Host";
				PRODUCT_NAME = "$(TARGET_NAME)";
			};
			name = Release;
		};
		32C6F1B420F1CB08C9867F54 /* Debug */ = {
			isa = XCBuildConfiguration;
			buildSettings = {
				ALWAYS_SEARCH_USER_PATHS = NO;
				CLANG_ANALYZER_NONNULL = YES;
				CLANG_CXX_LANGUAGE_STANDARD = "gnu++0x";
				CLANG_CXX_LIBRARY = "libc++";
				CLANG_ENABLE_MODULES = YES;
				CLANG_ENABLE_OBJC_ARC = YES;
				CLANG_WARN_BOOL_CONVERSION = YES;
				CLANG_WARN_CONSTANT_CONVERSION = YES;
				CLANG_WARN_DIRECT_OBJC_ISA_USAGE = YES_ERROR;
				CLANG_WARN_DOCUMENTATION_COMMENTS = YES;
				CLANG_WARN_EMPTY_BODY = YES;
				CLANG_WARN_ENUM_CONVERSION = YES;
				CLANG_WARN_INFINITE_RECURSION = YES;
				CLANG_WARN_INT_CONVERSION = YES;
				CLANG_WARN_OBJC_ROOT_CLASS = YES_ERROR;
				CLANG_WARN_SUSPICIOUS_MOVE = YES;
				CLANG_WARN_UNREACHABLE_CODE = YES;
				CLANG_WARN__DUPLICATE_METHOD_MATCH = YES;
				"CODE_SIGN_IDENTITY[sdk=iphoneos*]" = "iPhone Developer";
				COPY_PHASE_STRIP = NO;
				CURRENT_PROJECT_VERSION = 1;
				DEBUG_INFORMATION_FORMAT = dwarf;
				ENABLE_STRICT_OBJC_MSGSEND = YES;
				ENABLE_TESTABILITY = YES;
				GCC_C_LANGUAGE_STANDARD = gnu99;
				GCC_DYNAMIC_NO_PIC = NO;
				GCC_NO_COMMON_BLOCKS = YES;
				GCC_OPTIMIZATION_LEVEL = 0;
				GCC_PREPROCESSOR_DEFINITIONS = (
					"DEBUG=1",
					"$(inherited)",
				);
				GCC_WARN_64_TO_32_BIT_CONVERSION = YES;
				GCC_WARN_ABOUT_RETURN_TYPE = YES_ERROR;
				GCC_WARN_UNDECLARED_SELECTOR = YES;
				GCC_WARN_UNINITIALIZED_AUTOS = YES_AGGRESSIVE;
				GCC_WARN_UNUSED_FUNCTION = YES;
				GCC_WARN_UNUSED_VARIABLE = YES;
				IPHONEOS_DEPLOYMENT_TARGET = 9.0;
				MTL_ENABLE_DEBUG_INFO = YES;
				ONLY_ACTIVE_ARCH = YES;
				SDKROOT = iphoneos;
				TARGETED_DEVICE_FAMILY = "1,2";
				VERSIONING_SYSTEM = "apple-generic";
				VERSION_INFO_PREFIX = "";
			};
			name = Debug;
		};
		32C6F3BB8BE82532BBABEAC8 /* Release */ = {
			isa = XCBuildConfiguration;
			buildSettings = {
				ALWAYS_SEARCH_USER_PATHS = NO;
				CLANG_ANALYZER_NONNULL = YES;
				CLANG_CXX_LANGUAGE_STANDARD = "gnu++0x";
				CLANG_CXX_LIBRARY = "libc++";
				CLANG_ENABLE_MODULES = YES;
				CLANG_ENABLE_OBJC_ARC = YES;
				CLANG_WARN_BOOL_CONVERSION = YES;
				CLANG_WARN_CONSTANT_CONVERSION = YES;
				CLANG_WARN_DIRECT_OBJC_ISA_USAGE = YES_ERROR;
				CLANG_WARN_DOCUMENTATION_COMMENTS = YES;
				CLANG_WARN_EMPTY_BODY = YES;
				CLANG_WARN_ENUM_CONVERSION = YES;
				CLANG_WARN_INFINITE_RECURSION = YES;
				CLANG_WARN_INT_CONVERSION = YES;
				CLANG_WARN_OBJC_ROOT_CLASS = YES_ERROR;
				CLANG_WARN_SUSPICIOUS_MOVE = YES;
				CLANG_WARN_UNREACHABLE_CODE = YES;
				CLANG_WARN__DUPLICATE_METHOD_MATCH = YES;
				"CODE_SIGN_IDENTITY[sdk=iphoneos*]" = "iPhone Developer";
				COPY_PHASE_STRIP = NO;
				CURRENT_PROJECT_VERSION = 1;
				DEBUG_INFORMATION_FORMAT = "dwarf-with-dsym";
				ENABLE_NS_ASSERTIONS = NO;
				ENABLE_STRICT_OBJC_MSGSEND = YES;
				GCC_C_LANGUAGE_STANDARD = gnu99;
				GCC_NO_COMMON_BLOCKS = YES;
				GCC_WARN_64_TO_32_BIT_CONVERSION = YES;
				GCC_WARN_ABOUT_RETURN_TYPE = YES_ERROR;
				GCC_WARN_UNDECLARED_SELECTOR = YES;
				GCC_WARN_UNINITIALIZED_AUTOS = YES_AGGRESSIVE;
				GCC_WARN_UNUSED_FUNCTION = YES;
				GCC_WARN_UNUSED_VARIABLE = YES;
				IPHONEOS_DEPLOYMENT_TARGET = 9.0;
				MTL_ENABLE_DEBUG_INFO = NO;
				ONLY_ACTIVE_ARCH = YES;
				SDKROOT = iphoneos;
				TARGETED_DEVICE_FAMILY = "1,2";
				VALIDATE_PRODUCT = YES;
				VERSIONING_SYSTEM = "apple-generic";
				VERSION_INFO_PREFIX = "";
			};
			name = Release;
		};
		32C6F532A52B3BD4432BE6ED /* Debug */ = {
			isa = XCBuildConfiguration;
			baseConfigurationReference = DD30B2F719C16E63FB8E4734 /* Pods-MobileEngage.debug.xcconfig */;
			buildSettings = {
				CODE_SIGN_IDENTITY = "";
				"CODE_SIGN_IDENTITY[sdk=iphoneos*]" = "iPhone Developer";
				DEFINES_MODULE = YES;
				DEVELOPMENT_TEAM = 8LAPGQR7L8;
				DYLIB_COMPATIBILITY_VERSION = 1;
				DYLIB_CURRENT_VERSION = 1;
				DYLIB_INSTALL_NAME_BASE = "@rpath";
				INFOPLIST_FILE = MobileEngage/Info.plist;
				INSTALL_PATH = "$(LOCAL_LIBRARY_DIR)/Frameworks";
				IPHONEOS_DEPLOYMENT_TARGET = 9.0;
				LD_RUNPATH_SEARCH_PATHS = "$(inherited) @executable_path/Frameworks @loader_path/Frameworks";
				ONLY_ACTIVE_ARCH = YES;
				PRODUCT_BUNDLE_IDENTIFIER = com.emarsys.MobileEngage;
				PRODUCT_NAME = "$(TARGET_NAME)";
				SKIP_INSTALL = YES;
				USER_HEADER_SEARCH_PATHS = "\"${PROJECT_DIR}/Pods\"/**";
			};
			name = Debug;
		};
		32C6FBD3DD57E82510C44A93 /* Release */ = {
			isa = XCBuildConfiguration;
			baseConfigurationReference = 0BB822EAFA034034244E9B64 /* Pods-MobileEngage.release.xcconfig */;
			buildSettings = {
				CODE_SIGN_IDENTITY = "";
				"CODE_SIGN_IDENTITY[sdk=iphoneos*]" = "iPhone Developer";
				DEFINES_MODULE = YES;
				DYLIB_COMPATIBILITY_VERSION = 1;
				DYLIB_CURRENT_VERSION = 1;
				DYLIB_INSTALL_NAME_BASE = "@rpath";
				INFOPLIST_FILE = MobileEngage/Info.plist;
				INSTALL_PATH = "$(LOCAL_LIBRARY_DIR)/Frameworks";
				IPHONEOS_DEPLOYMENT_TARGET = 9.0;
				LD_RUNPATH_SEARCH_PATHS = "$(inherited) @executable_path/Frameworks @loader_path/Frameworks";
				ONLY_ACTIVE_ARCH = YES;
				PRODUCT_BUNDLE_IDENTIFIER = com.emarsys.MobileEngage;
				PRODUCT_NAME = "$(TARGET_NAME)";
				SKIP_INSTALL = YES;
				USER_HEADER_SEARCH_PATHS = "\"${PROJECT_DIR}/Pods\"/**";
			};
			name = Release;
		};
		32C6FC4847B3141A577C271E /* Debug */ = {
			isa = XCBuildConfiguration;
			baseConfigurationReference = F1CF1B5F24046DBCF30ACF75 /* Pods-MobileEngageTests.debug.xcconfig */;
			buildSettings = {
				DEVELOPMENT_TEAM = 8LAPGQR7L8;
				INFOPLIST_FILE = MobileEngageTests/Info.plist;
				LD_RUNPATH_SEARCH_PATHS = "$(inherited) @executable_path/Frameworks @loader_path/Frameworks";
				ONLY_ACTIVE_ARCH = YES;
				PRODUCT_BUNDLE_IDENTIFIER = com.emarsys.MobileEngageTests;
				PRODUCT_NAME = "$(TARGET_NAME)";
				TEST_HOST = "$(BUILT_PRODUCTS_DIR)/MobileEngage Host.app/MobileEngage Host";
			};
			name = Debug;
		};
		32C6FCD3CB97CD1EFADDE329 /* Release */ = {
			isa = XCBuildConfiguration;
			baseConfigurationReference = 9780057C0A3C341B76020F59 /* Pods-MobileEngageTests.release.xcconfig */;
			buildSettings = {
				DEVELOPMENT_TEAM = 8LAPGQR7L8;
				INFOPLIST_FILE = MobileEngageTests/Info.plist;
				LD_RUNPATH_SEARCH_PATHS = "$(inherited) @executable_path/Frameworks @loader_path/Frameworks";
				ONLY_ACTIVE_ARCH = YES;
				PRODUCT_BUNDLE_IDENTIFIER = com.emarsys.MobileEngageTests;
				PRODUCT_NAME = "$(TARGET_NAME)";
				TEST_HOST = "$(BUILT_PRODUCTS_DIR)/MobileEngage Host.app/MobileEngage Host";
			};
			name = Release;
		};
/* End XCBuildConfiguration section */

/* Begin XCConfigurationList section */
		16ED6B321E7FE12600BB9C63 /* Build configuration list for PBXNativeTarget "MobileEngage Host" */ = {
			isa = XCConfigurationList;
			buildConfigurations = (
				16ED6B331E7FE12600BB9C63 /* Debug */,
				16ED6B341E7FE12600BB9C63 /* Release */,
			);
			defaultConfigurationIsVisible = 0;
			defaultConfigurationName = Release;
		};
		32C6F1102A8A4F8E0A6DFCDC /* Build configuration list for PBXNativeTarget "MobileEngageTests" */ = {
			isa = XCConfigurationList;
			buildConfigurations = (
				32C6FC4847B3141A577C271E /* Debug */,
				32C6FCD3CB97CD1EFADDE329 /* Release */,
			);
			defaultConfigurationIsVisible = 0;
			defaultConfigurationName = Release;
		};
		32C6F9D7A7E9B0205DB5522F /* Build configuration list for PBXNativeTarget "MobileEngage" */ = {
			isa = XCConfigurationList;
			buildConfigurations = (
				32C6F532A52B3BD4432BE6ED /* Debug */,
				32C6FBD3DD57E82510C44A93 /* Release */,
			);
			defaultConfigurationIsVisible = 0;
			defaultConfigurationName = Release;
		};
		32C6FD3AA9EA1AC27FAA2651 /* Build configuration list for PBXProject "MobileEngage" */ = {
			isa = XCConfigurationList;
			buildConfigurations = (
				32C6F1B420F1CB08C9867F54 /* Debug */,
				32C6F3BB8BE82532BBABEAC8 /* Release */,
			);
			defaultConfigurationIsVisible = 0;
			defaultConfigurationName = Release;
		};
/* End XCConfigurationList section */
	};
	rootObject = 32C6FB81753C1A302A110975 /* Project object */;
}
